// !$*UTF8*$!
{
	archiveVersion = 1;
	classes = {
	};
	objectVersion = 56;
	objects = {

/* Begin PBXBuildFile section */
		230DE2992D6B06AA00B7BCE7 /* UIImageViewExtension.swift in Sources */ = {isa = PBXBuildFile; fileRef = 230DE2982D6B06AA00B7BCE7 /* UIImageViewExtension.swift */; };
		230DE29E2D6B08BB00B7BCE7 /* UIImageViewExtension.swift in Sources */ = {isa = PBXBuildFile; fileRef = 230DE2982D6B06AA00B7BCE7 /* UIImageViewExtension.swift */; };
		231F51BE2C708EB400524968 /* HomeView.swift in Sources */ = {isa = PBXBuildFile; fileRef = 231F51BD2C708EB400524968 /* HomeView.swift */; };
		231F51C12C708EE400524968 /* WishItemCollectionViewCell.swift in Sources */ = {isa = PBXBuildFile; fileRef = 231F51C02C708EE400524968 /* WishItemCollectionViewCell.swift */; };
		231F51C52C708F4A00524968 /* HomeViewModel.swift in Sources */ = {isa = PBXBuildFile; fileRef = 231F51C42C708F4A00524968 /* HomeViewModel.swift */; };
		232185EC2C70B519008BD81B /* WBNetwork.framework in Frameworks */ = {isa = PBXBuildFile; fileRef = 232185C42C70B3BB008BD81B /* WBNetwork.framework */; };
		232185ED2C70B519008BD81B /* WBNetwork.framework in Embed Frameworks */ = {isa = PBXBuildFile; fileRef = 232185C42C70B3BB008BD81B /* WBNetwork.framework */; settings = {ATTRIBUTES = (CodeSignOnCopy, RemoveHeadersOnCopy, ); }; };
		232466752C6F92A400979940 /* TabBarViewController.swift in Sources */ = {isa = PBXBuildFile; fileRef = 232466742C6F92A400979940 /* TabBarViewController.swift */; };
		232466782C6F92B800979940 /* HomeViewController.swift in Sources */ = {isa = PBXBuildFile; fileRef = 232466772C6F92B800979940 /* HomeViewController.swift */; };
		2328C4EB2C720CFF0081A97C /* FolderBottomSheet.swift in Sources */ = {isa = PBXBuildFile; fileRef = 2328C4EA2C720CFF0081A97C /* FolderBottomSheet.swift */; };
		2337C8642C70FD2B00E2A67B /* ItemDetailViewController.swift in Sources */ = {isa = PBXBuildFile; fileRef = 2337C8632C70FD2B00E2A67B /* ItemDetailViewController.swift */; };
		2337C8662C70FD4F00E2A67B /* ItemDetailView.swift in Sources */ = {isa = PBXBuildFile; fileRef = 2337C8652C70FD4F00E2A67B /* ItemDetailView.swift */; };
		2337C8682C70FDB400E2A67B /* ItemDetailViewModel.swift in Sources */ = {isa = PBXBuildFile; fileRef = 2337C8672C70FDB400E2A67B /* ItemDetailViewModel.swift */; };
		2337C86D2C710A5F00E2A67B /* DetailToolBar.swift in Sources */ = {isa = PBXBuildFile; fileRef = 2337C86C2C710A5F00E2A67B /* DetailToolBar.swift */; };
		2347A9022C7ABB95009F9480 /* FolderDetailViewController.swift in Sources */ = {isa = PBXBuildFile; fileRef = 2347A9012C7ABB95009F9480 /* FolderDetailViewController.swift */; };
		2347A9042C7ABBA9009F9480 /* FolderDetailView.swift in Sources */ = {isa = PBXBuildFile; fileRef = 2347A9032C7ABBA9009F9480 /* FolderDetailView.swift */; };
		2347A9062C7ABBE3009F9480 /* FolderDetailViewModel.swift in Sources */ = {isa = PBXBuildFile; fileRef = 2347A9052C7ABBE3009F9480 /* FolderDetailViewModel.swift */; };
		2347A9102C7ACA0B009F9480 /* FolderSelectBottomSheet.swift in Sources */ = {isa = PBXBuildFile; fileRef = 2347A90F2C7ACA0B009F9480 /* FolderSelectBottomSheet.swift */; };
		2347A9122C7ACB7C009F9480 /* FolderSelectTableViewCell.swift in Sources */ = {isa = PBXBuildFile; fileRef = 2347A9112C7ACB7C009F9480 /* FolderSelectTableViewCell.swift */; };
		2357E5622C7B0A1A00CC9509 /* ShareViewModel.swift in Sources */ = {isa = PBXBuildFile; fileRef = 2357E5612C7B0A1A00CC9509 /* ShareViewModel.swift */; };
		2357E5632C7B0AE600CC9509 /* SnackBar.swift in Sources */ = {isa = PBXBuildFile; fileRef = 23F3FFBD2C78FAAF003C7DA9 /* SnackBar.swift */; };
		2357E5652C7B0D3A00CC9509 /* FolderCollectionViewCell.swift in Sources */ = {isa = PBXBuildFile; fileRef = 2357E5642C7B0D3900CC9509 /* FolderCollectionViewCell.swift */; };
		235ABA0D2C8C70D900763900 /* CalendarViewController.swift in Sources */ = {isa = PBXBuildFile; fileRef = 235ABA0C2C8C70D900763900 /* CalendarViewController.swift */; };
		235ABA102C8C712900763900 /* CalendarView.swift in Sources */ = {isa = PBXBuildFile; fileRef = 235ABA0F2C8C712900763900 /* CalendarView.swift */; };
		235ABA132C8C716500763900 /* CalendarViewModel.swift in Sources */ = {isa = PBXBuildFile; fileRef = 235ABA122C8C716500763900 /* CalendarViewModel.swift */; };
		236ED4D02C6E37BB000EA85B /* GoogleService-Info.plist in Resources */ = {isa = PBXBuildFile; fileRef = 236ED4CF2C6E37BB000EA85B /* GoogleService-Info.plist */; };
		23798B6F2C8C24E300F6DA90 /* ModifyPasswordViewController.swift in Sources */ = {isa = PBXBuildFile; fileRef = 23798B6E2C8C24E300F6DA90 /* ModifyPasswordViewController.swift */; };
		23798B712C8C253700F6DA90 /* ModifyPasswordView.swift in Sources */ = {isa = PBXBuildFile; fileRef = 23798B702C8C253700F6DA90 /* ModifyPasswordView.swift */; };
		23798B732C8C256B00F6DA90 /* ModifyPasswordViewModel.swift in Sources */ = {isa = PBXBuildFile; fileRef = 23798B722C8C256B00F6DA90 /* ModifyPasswordViewModel.swift */; };
		2385950C2C71BC7E00B85CBC /* PaddingLabel.swift in Sources */ = {isa = PBXBuildFile; fileRef = 2385950B2C71BC7E00B85CBC /* PaddingLabel.swift */; };
		238595112C71BF2B00B85CBC /* FolderViewController.swift in Sources */ = {isa = PBXBuildFile; fileRef = 238595102C71BF2B00B85CBC /* FolderViewController.swift */; };
		238595132C71BF3900B85CBC /* FolderView.swift in Sources */ = {isa = PBXBuildFile; fileRef = 238595122C71BF3900B85CBC /* FolderView.swift */; };
		238595162C71BF4F00B85CBC /* FolderViewModel.swift in Sources */ = {isa = PBXBuildFile; fileRef = 238595152C71BF4F00B85CBC /* FolderViewModel.swift */; };
		2385951A2C71C13F00B85CBC /* FolderCollectionViewCell.swift in Sources */ = {isa = PBXBuildFile; fileRef = 238595192C71C13F00B85CBC /* FolderCollectionViewCell.swift */; };
		238595252C71C7E700B85CBC /* BaseToolBar.swift in Sources */ = {isa = PBXBuildFile; fileRef = 238595242C71C7E700B85CBC /* BaseToolBar.swift */; };
		238F45A82C70A83600A6119B /* HomeToolBar.swift in Sources */ = {isa = PBXBuildFile; fileRef = 238F45A72C70A83600A6119B /* HomeToolBar.swift */; };
		239540F12C6A179B003AB3D5 /* LoginView.swift in Sources */ = {isa = PBXBuildFile; fileRef = 239540F02C6A179B003AB3D5 /* LoginView.swift */; };
		23974D512C5E5304006BBC97 /* SUIT-Medium.ttf in Resources */ = {isa = PBXBuildFile; fileRef = 23974D4D2C5E5303006BBC97 /* SUIT-Medium.ttf */; };
		23974D522C5E5304006BBC97 /* SUIT-Regular.ttf in Resources */ = {isa = PBXBuildFile; fileRef = 23974D4E2C5E5304006BBC97 /* SUIT-Regular.ttf */; };
		23974D532C5E5304006BBC97 /* SUIT-SemiBold.ttf in Resources */ = {isa = PBXBuildFile; fileRef = 23974D4F2C5E5304006BBC97 /* SUIT-SemiBold.ttf */; };
		23974D542C5E5304006BBC97 /* SUIT-Bold.ttf in Resources */ = {isa = PBXBuildFile; fileRef = 23974D502C5E5304006BBC97 /* SUIT-Bold.ttf */; };
		23974D5A2C5E5328006BBC97 /* Montserrat-SemiBold.ttf in Resources */ = {isa = PBXBuildFile; fileRef = 23974D552C5E5328006BBC97 /* Montserrat-SemiBold.ttf */; };
		23974D5B2C5E5328006BBC97 /* Montserrat-Bold.ttf in Resources */ = {isa = PBXBuildFile; fileRef = 23974D562C5E5328006BBC97 /* Montserrat-Bold.ttf */; };
		23974D5C2C5E5328006BBC97 /* Montserrat-Medium.ttf in Resources */ = {isa = PBXBuildFile; fileRef = 23974D572C5E5328006BBC97 /* Montserrat-Medium.ttf */; };
		23974D5D2C5E5328006BBC97 /* Montserrat-Regular.ttf in Resources */ = {isa = PBXBuildFile; fileRef = 23974D582C5E5328006BBC97 /* Montserrat-Regular.ttf */; };
		23974D5E2C5E5328006BBC97 /* Montserrat-ExtraBold.ttf in Resources */ = {isa = PBXBuildFile; fileRef = 23974D592C5E5328006BBC97 /* Montserrat-ExtraBold.ttf */; };
		239AD1DF2C6A2410002052BD /* ToolBar.swift in Sources */ = {isa = PBXBuildFile; fileRef = 239AD1DE2C6A2410002052BD /* ToolBar.swift */; };
		23ACCEC22C6A1E0A00E93953 /* LoginViewController.swift in Sources */ = {isa = PBXBuildFile; fileRef = 23ACCEC12C6A1E0A00E93953 /* LoginViewController.swift */; };
		23ACCEC52C6A1EDC00E93953 /* LoginViewModel.swift in Sources */ = {isa = PBXBuildFile; fileRef = 23ACCEC42C6A1EDC00E93953 /* LoginViewModel.swift */; };
		23AD9D692C80A245007AB8D1 /* AlarmListViewController.swift in Sources */ = {isa = PBXBuildFile; fileRef = 23AD9D682C80A245007AB8D1 /* AlarmListViewController.swift */; };
		23AD9D6C2C80A264007AB8D1 /* AlarmListViewModel.swift in Sources */ = {isa = PBXBuildFile; fileRef = 23AD9D6B2C80A264007AB8D1 /* AlarmListViewModel.swift */; };
		23AD9D6F2C80A280007AB8D1 /* AlarmListView.swift in Sources */ = {isa = PBXBuildFile; fileRef = 23AD9D6E2C80A280007AB8D1 /* AlarmListView.swift */; };
		23AD9D712C80A4A4007AB8D1 /* NoticeTableViewCell.swift in Sources */ = {isa = PBXBuildFile; fileRef = 23AD9D702C80A4A4007AB8D1 /* NoticeTableViewCell.swift */; };
		23B3A0CD2C7F521F006D0561 /* CartViewController.swift in Sources */ = {isa = PBXBuildFile; fileRef = 23B3A0CC2C7F521F006D0561 /* CartViewController.swift */; };
		23B3A0D02C7F5237006D0561 /* CartViewModel.swift in Sources */ = {isa = PBXBuildFile; fileRef = 23B3A0CF2C7F5237006D0561 /* CartViewModel.swift */; };
		23B3A0D32C7F5257006D0561 /* CartView.swift in Sources */ = {isa = PBXBuildFile; fileRef = 23B3A0D22C7F5257006D0561 /* CartView.swift */; };
		23B3A0D52C7F526A006D0561 /* CartItemTableViewCell.swift in Sources */ = {isa = PBXBuildFile; fileRef = 23B3A0D42C7F526A006D0561 /* CartItemTableViewCell.swift */; };
		23C4D21A2C7A4D6D00BB0B08 /* ShareViewController.swift in Sources */ = {isa = PBXBuildFile; fileRef = 23C4D2192C7A4D6D00BB0B08 /* ShareViewController.swift */; };
		23C4D21D2C7A4D6D00BB0B08 /* MainInterface.storyboard in Resources */ = {isa = PBXBuildFile; fileRef = 23C4D21B2C7A4D6D00BB0B08 /* MainInterface.storyboard */; };
		23C4D2212C7A4D6D00BB0B08 /* Share Extension.appex in Embed Foundation Extensions */ = {isa = PBXBuildFile; fileRef = 23C4D2172C7A4D6D00BB0B08 /* Share Extension.appex */; settings = {ATTRIBUTES = (RemoveHeadersOnCopy, ); }; };
		23C4D2272C7A4E0B00BB0B08 /* ApplicationLibrary in Frameworks */ = {isa = PBXBuildFile; productRef = 23C4D2262C7A4E0B00BB0B08 /* ApplicationLibrary */; };
		23C4D2282C7A4E0D00BB0B08 /* Core.framework in Frameworks */ = {isa = PBXBuildFile; fileRef = 23D2883A2C5523F60044DF16 /* Core.framework */; };
		23C4D2292C7A4E0D00BB0B08 /* Core.framework in Embed Frameworks */ = {isa = PBXBuildFile; fileRef = 23D2883A2C5523F60044DF16 /* Core.framework */; settings = {ATTRIBUTES = (CodeSignOnCopy, RemoveHeadersOnCopy, ); }; };
		23C4D22B2C7A4E2300BB0B08 /* WBNetwork.framework in Frameworks */ = {isa = PBXBuildFile; fileRef = 232185C42C70B3BB008BD81B /* WBNetwork.framework */; };
		23C4D22C2C7A4E2300BB0B08 /* WBNetwork.framework in Embed Frameworks */ = {isa = PBXBuildFile; fileRef = 232185C42C70B3BB008BD81B /* WBNetwork.framework */; settings = {ATTRIBUTES = (CodeSignOnCopy, RemoveHeadersOnCopy, ); }; };
		23C4D22F2C7A4EFE00BB0B08 /* ShareView.swift in Sources */ = {isa = PBXBuildFile; fileRef = 23C4D22E2C7A4EFE00BB0B08 /* ShareView.swift */; };
		23C4D2302C7A4F6F00BB0B08 /* AnimationButton.swift in Sources */ = {isa = PBXBuildFile; fileRef = 23F3FFC22C7901F0003C7DA9 /* AnimationButton.swift */; };
		23C4D2312C7A51F600BB0B08 /* Assets.xcassets in Resources */ = {isa = PBXBuildFile; fileRef = 23CBF4A22C5514530061D22F /* Assets.xcassets */; };
		23C4D2322C7A521B00BB0B08 /* loading_horizontal_black.json in Resources */ = {isa = PBXBuildFile; fileRef = 23F3FFC52C790297003C7DA9 /* loading_horizontal_black.json */; };
		23C4D2332C7A521F00BB0B08 /* loading_spin.json in Resources */ = {isa = PBXBuildFile; fileRef = 23F3FFC42C790296003C7DA9 /* loading_spin.json */; };
		23C4D2342C7A526600BB0B08 /* Montserrat-Regular.ttf in Resources */ = {isa = PBXBuildFile; fileRef = 23974D582C5E5328006BBC97 /* Montserrat-Regular.ttf */; };
		23C4D2352C7A526600BB0B08 /* Montserrat-ExtraBold.ttf in Resources */ = {isa = PBXBuildFile; fileRef = 23974D592C5E5328006BBC97 /* Montserrat-ExtraBold.ttf */; };
		23C4D2362C7A526600BB0B08 /* Montserrat-Medium.ttf in Resources */ = {isa = PBXBuildFile; fileRef = 23974D572C5E5328006BBC97 /* Montserrat-Medium.ttf */; };
		23C4D2372C7A526600BB0B08 /* Montserrat-Bold.ttf in Resources */ = {isa = PBXBuildFile; fileRef = 23974D562C5E5328006BBC97 /* Montserrat-Bold.ttf */; };
		23C4D2382C7A526600BB0B08 /* Montserrat-SemiBold.ttf in Resources */ = {isa = PBXBuildFile; fileRef = 23974D552C5E5328006BBC97 /* Montserrat-SemiBold.ttf */; };
		23C4D2392C7A526D00BB0B08 /* SUIT-Regular.ttf in Resources */ = {isa = PBXBuildFile; fileRef = 23974D4E2C5E5304006BBC97 /* SUIT-Regular.ttf */; };
		23C4D23A2C7A526D00BB0B08 /* SUIT-Medium.ttf in Resources */ = {isa = PBXBuildFile; fileRef = 23974D4D2C5E5303006BBC97 /* SUIT-Medium.ttf */; };
		23C4D23B2C7A526D00BB0B08 /* SUIT-Bold.ttf in Resources */ = {isa = PBXBuildFile; fileRef = 23974D502C5E5304006BBC97 /* SUIT-Bold.ttf */; };
		23C4D23C2C7A526D00BB0B08 /* SUIT-SemiBold.ttf in Resources */ = {isa = PBXBuildFile; fileRef = 23974D4F2C5E5304006BBC97 /* SUIT-SemiBold.ttf */; };
		23C4D23D2C7A52B300BB0B08 /* FolderBottomSheet.swift in Sources */ = {isa = PBXBuildFile; fileRef = 2328C4EA2C720CFF0081A97C /* FolderBottomSheet.swift */; };
		23C610752D68CB2A003E71F4 /* AlarmToolBar.swift in Sources */ = {isa = PBXBuildFile; fileRef = 23C610742D68CB2A003E71F4 /* AlarmToolBar.swift */; };
		23C610782D68D699003E71F4 /* AddViewController.swift in Sources */ = {isa = PBXBuildFile; fileRef = 23C610772D68D699003E71F4 /* AddViewController.swift */; };
		23C6107B2D68D6B1003E71F4 /* AddView.swift in Sources */ = {isa = PBXBuildFile; fileRef = 23C6107A2D68D6B1003E71F4 /* AddView.swift */; };
		23C6107E2D68D6C3003E71F4 /* AddViewModel.swift in Sources */ = {isa = PBXBuildFile; fileRef = 23C6107D2D68D6C3003E71F4 /* AddViewModel.swift */; };
		23C610802D68D791003E71F4 /* OptionSelectorView.swift in Sources */ = {isa = PBXBuildFile; fileRef = 23C6107F2D68D791003E71F4 /* OptionSelectorView.swift */; };
		23C610822D68DF63003E71F4 /* AddToolBar.swift in Sources */ = {isa = PBXBuildFile; fileRef = 23C610812D68DF63003E71F4 /* AddToolBar.swift */; };
		23CB0DCE2C79E2600053EB40 /* MyPageViewController.swift in Sources */ = {isa = PBXBuildFile; fileRef = 23CB0DCD2C79E2600053EB40 /* MyPageViewController.swift */; };
		23CB0DD12C79E26F0053EB40 /* MyPageView.swift in Sources */ = {isa = PBXBuildFile; fileRef = 23CB0DD02C79E26F0053EB40 /* MyPageView.swift */; };
		23CB0DD42C79E2910053EB40 /* ProfileHeaderView.swift in Sources */ = {isa = PBXBuildFile; fileRef = 23CB0DD32C79E2910053EB40 /* ProfileHeaderView.swift */; };
		23CB0DD62C79E2A20053EB40 /* MyPageViewModel.swift in Sources */ = {isa = PBXBuildFile; fileRef = 23CB0DD52C79E2A20053EB40 /* MyPageViewModel.swift */; };
		23CB0DD82C79E43F0053EB40 /* SettingTableViewCell.swift in Sources */ = {isa = PBXBuildFile; fileRef = 23CB0DD72C79E43F0053EB40 /* SettingTableViewCell.swift */; };
		23CBF49A2C5514510061D22F /* AppDelegate.swift in Sources */ = {isa = PBXBuildFile; fileRef = 23CBF4992C5514510061D22F /* AppDelegate.swift */; };
		23CBF49C2C5514510061D22F /* SceneDelegate.swift in Sources */ = {isa = PBXBuildFile; fileRef = 23CBF49B2C5514510061D22F /* SceneDelegate.swift */; };
		23CBF49E2C5514510061D22F /* ViewController.swift in Sources */ = {isa = PBXBuildFile; fileRef = 23CBF49D2C5514510061D22F /* ViewController.swift */; };
		23CBF4A32C5514530061D22F /* Assets.xcassets in Resources */ = {isa = PBXBuildFile; fileRef = 23CBF4A22C5514530061D22F /* Assets.xcassets */; };
		23CBF4B12C5514530061D22F /* WishboardV2Tests.swift in Sources */ = {isa = PBXBuildFile; fileRef = 23CBF4B02C5514530061D22F /* WishboardV2Tests.swift */; };
		23CBF4BB2C5514530061D22F /* WishboardV2UITests.swift in Sources */ = {isa = PBXBuildFile; fileRef = 23CBF4BA2C5514530061D22F /* WishboardV2UITests.swift */; };
		23CBF4BD2C5514530061D22F /* WishboardV2UITestsLaunchTests.swift in Sources */ = {isa = PBXBuildFile; fileRef = 23CBF4BC2C5514530061D22F /* WishboardV2UITestsLaunchTests.swift */; };
		23CBF4CF2C5515E80061D22F /* OnboardingViewController.swift in Sources */ = {isa = PBXBuildFile; fileRef = 23CBF4CE2C5515E80061D22F /* OnboardingViewController.swift */; };
		23CBF4D12C55160C0061D22F /* OnboardingView.swift in Sources */ = {isa = PBXBuildFile; fileRef = 23CBF4D02C55160C0061D22F /* OnboardingView.swift */; };
		23CBF4D52C55162A0061D22F /* OnboardingViewModel.swift in Sources */ = {isa = PBXBuildFile; fileRef = 23CBF4D42C55162A0061D22F /* OnboardingViewModel.swift */; };
		23CBF4DD2C551B5B0061D22F /* ApplicationLibrary in Frameworks */ = {isa = PBXBuildFile; productRef = 23CBF4DC2C551B5B0061D22F /* ApplicationLibrary */; };
		23D2883D2C55240A0044DF16 /* Core.framework in Frameworks */ = {isa = PBXBuildFile; fileRef = 23D2883A2C5523F60044DF16 /* Core.framework */; };
		23D2883E2C55240A0044DF16 /* Core.framework in Embed Frameworks */ = {isa = PBXBuildFile; fileRef = 23D2883A2C5523F60044DF16 /* Core.framework */; settings = {ATTRIBUTES = (CodeSignOnCopy, RemoveHeadersOnCopy, ); }; };
		23D288462C55259E0044DF16 /* SplashViewController.swift in Sources */ = {isa = PBXBuildFile; fileRef = 23D288452C55259E0044DF16 /* SplashViewController.swift */; };
		23D5B65D2C7A297E00B73174 /* WebViewController.swift in Sources */ = {isa = PBXBuildFile; fileRef = 23D5B65C2C7A297E00B73174 /* WebViewController.swift */; };
		23D5B6632C7A309F00B73174 /* AlertViewController.swift in Sources */ = {isa = PBXBuildFile; fileRef = 23D5B6622C7A309F00B73174 /* AlertViewController.swift */; };
		23DEFA892C563BED007E958A /* Main.storyboard in Resources */ = {isa = PBXBuildFile; fileRef = 23DEFA882C563BED007E958A /* Main.storyboard */; };
		23F0F5392C83FC24001ABAA9 /* ModiftyProfileViewController.swift in Sources */ = {isa = PBXBuildFile; fileRef = 23F0F5382C83FC24001ABAA9 /* ModiftyProfileViewController.swift */; };
		23F0F53B2C83FC5D001ABAA9 /* ModifyProfileViewModel.swift in Sources */ = {isa = PBXBuildFile; fileRef = 23F0F53A2C83FC5D001ABAA9 /* ModifyProfileViewModel.swift */; };
		23F0F53D2C83FC65001ABAA9 /* ModifyProfileView.swift in Sources */ = {isa = PBXBuildFile; fileRef = 23F0F53C2C83FC65001ABAA9 /* ModifyProfileView.swift */; };
		23F3FFBE2C78FAAF003C7DA9 /* SnackBar.swift in Sources */ = {isa = PBXBuildFile; fileRef = 23F3FFBD2C78FAAF003C7DA9 /* SnackBar.swift */; };
		23F3FFC32C7901F0003C7DA9 /* AnimationButton.swift in Sources */ = {isa = PBXBuildFile; fileRef = 23F3FFC22C7901F0003C7DA9 /* AnimationButton.swift */; };
		23F3FFC62C790297003C7DA9 /* loading_spin.json in Resources */ = {isa = PBXBuildFile; fileRef = 23F3FFC42C790296003C7DA9 /* loading_spin.json */; };
		23F3FFC72C790297003C7DA9 /* loading_horizontal_black.json in Resources */ = {isa = PBXBuildFile; fileRef = 23F3FFC52C790297003C7DA9 /* loading_horizontal_black.json */; };
/* End PBXBuildFile section */

/* Begin PBXContainerItemProxy section */
		232185C32C70B3BB008BD81B /* PBXContainerItemProxy */ = {
			isa = PBXContainerItemProxy;
			containerPortal = 232185BE2C70B3BB008BD81B /* WBNetwork.xcodeproj */;
			proxyType = 2;
			remoteGlobalIDString = 232185A42C70B3BB008BD81B;
			remoteInfo = WBNetwork;
		};
		232185C52C70B3BB008BD81B /* PBXContainerItemProxy */ = {
			isa = PBXContainerItemProxy;
			containerPortal = 232185BE2C70B3BB008BD81B /* WBNetwork.xcodeproj */;
			proxyType = 2;
			remoteGlobalIDString = 232185AE2C70B3BB008BD81B;
			remoteInfo = WBNetworkTests;
		};
		23C4D21F2C7A4D6D00BB0B08 /* PBXContainerItemProxy */ = {
			isa = PBXContainerItemProxy;
			containerPortal = 23CBF48E2C5514510061D22F /* Project object */;
			proxyType = 1;
			remoteGlobalIDString = 23C4D2162C7A4D6D00BB0B08;
			remoteInfo = "Share Extension";
		};
		23CBF4AD2C5514530061D22F /* PBXContainerItemProxy */ = {
			isa = PBXContainerItemProxy;
			containerPortal = 23CBF48E2C5514510061D22F /* Project object */;
			proxyType = 1;
			remoteGlobalIDString = 23CBF4952C5514510061D22F;
			remoteInfo = WishboardV2;
		};
		23CBF4B72C5514530061D22F /* PBXContainerItemProxy */ = {
			isa = PBXContainerItemProxy;
			containerPortal = 23CBF48E2C5514510061D22F /* Project object */;
			proxyType = 1;
			remoteGlobalIDString = 23CBF4952C5514510061D22F;
			remoteInfo = WishboardV2;
		};
		23D288392C5523F60044DF16 /* PBXContainerItemProxy */ = {
			isa = PBXContainerItemProxy;
			containerPortal = 23D288342C5523F60044DF16 /* Core.xcodeproj */;
			proxyType = 2;
			remoteGlobalIDString = 23D2881A2C5523AD0044DF16;
			remoteInfo = Core;
		};
		23D2883B2C5523F60044DF16 /* PBXContainerItemProxy */ = {
			isa = PBXContainerItemProxy;
			containerPortal = 23D288342C5523F60044DF16 /* Core.xcodeproj */;
			proxyType = 2;
			remoteGlobalIDString = 23D288242C5523AD0044DF16;
			remoteInfo = CoreTests;
		};
/* End PBXContainerItemProxy section */

/* Begin PBXCopyFilesBuildPhase section */
		23C4D2252C7A4D6D00BB0B08 /* Embed Foundation Extensions */ = {
			isa = PBXCopyFilesBuildPhase;
			buildActionMask = 2147483647;
			dstPath = "";
			dstSubfolderSpec = 13;
			files = (
				23C4D2212C7A4D6D00BB0B08 /* Share Extension.appex in Embed Foundation Extensions */,
			);
			name = "Embed Foundation Extensions";
			runOnlyForDeploymentPostprocessing = 0;
		};
		23C4D22A2C7A4E0D00BB0B08 /* Embed Frameworks */ = {
			isa = PBXCopyFilesBuildPhase;
			buildActionMask = 2147483647;
			dstPath = "";
			dstSubfolderSpec = 10;
			files = (
				23C4D22C2C7A4E2300BB0B08 /* WBNetwork.framework in Embed Frameworks */,
				23C4D2292C7A4E0D00BB0B08 /* Core.framework in Embed Frameworks */,
			);
			name = "Embed Frameworks";
			runOnlyForDeploymentPostprocessing = 0;
		};
		23D2883F2C55240A0044DF16 /* Embed Frameworks */ = {
			isa = PBXCopyFilesBuildPhase;
			buildActionMask = 2147483647;
			dstPath = "";
			dstSubfolderSpec = 10;
			files = (
				232185ED2C70B519008BD81B /* WBNetwork.framework in Embed Frameworks */,
				23D2883E2C55240A0044DF16 /* Core.framework in Embed Frameworks */,
			);
			name = "Embed Frameworks";
			runOnlyForDeploymentPostprocessing = 0;
		};
/* End PBXCopyFilesBuildPhase section */

/* Begin PBXFileReference section */
		230DE2982D6B06AA00B7BCE7 /* UIImageViewExtension.swift */ = {isa = PBXFileReference; lastKnownFileType = sourcecode.swift; path = UIImageViewExtension.swift; sourceTree = "<group>"; };
		231F51BD2C708EB400524968 /* HomeView.swift */ = {isa = PBXFileReference; lastKnownFileType = sourcecode.swift; path = HomeView.swift; sourceTree = "<group>"; };
		231F51C02C708EE400524968 /* WishItemCollectionViewCell.swift */ = {isa = PBXFileReference; lastKnownFileType = sourcecode.swift; path = WishItemCollectionViewCell.swift; sourceTree = "<group>"; };
		231F51C42C708F4A00524968 /* HomeViewModel.swift */ = {isa = PBXFileReference; lastKnownFileType = sourcecode.swift; path = HomeViewModel.swift; sourceTree = "<group>"; };
		232185BE2C70B3BB008BD81B /* WBNetwork.xcodeproj */ = {isa = PBXFileReference; lastKnownFileType = "wrapper.pb-project"; name = WBNetwork.xcodeproj; path = WBNetwork/WBNetwork.xcodeproj; sourceTree = "<group>"; };
		232185C72C70B3D4008BD81B /* NetworkLibrary */ = {isa = PBXFileReference; lastKnownFileType = wrapper; path = NetworkLibrary; sourceTree = "<group>"; };
		232466742C6F92A400979940 /* TabBarViewController.swift */ = {isa = PBXFileReference; lastKnownFileType = sourcecode.swift; path = TabBarViewController.swift; sourceTree = "<group>"; };
		232466772C6F92B800979940 /* HomeViewController.swift */ = {isa = PBXFileReference; lastKnownFileType = sourcecode.swift; path = HomeViewController.swift; sourceTree = "<group>"; };
		2328C4EA2C720CFF0081A97C /* FolderBottomSheet.swift */ = {isa = PBXFileReference; lastKnownFileType = sourcecode.swift; path = FolderBottomSheet.swift; sourceTree = "<group>"; };
		2337C8632C70FD2B00E2A67B /* ItemDetailViewController.swift */ = {isa = PBXFileReference; lastKnownFileType = sourcecode.swift; path = ItemDetailViewController.swift; sourceTree = "<group>"; };
		2337C8652C70FD4F00E2A67B /* ItemDetailView.swift */ = {isa = PBXFileReference; lastKnownFileType = sourcecode.swift; path = ItemDetailView.swift; sourceTree = "<group>"; };
		2337C8672C70FDB400E2A67B /* ItemDetailViewModel.swift */ = {isa = PBXFileReference; lastKnownFileType = sourcecode.swift; path = ItemDetailViewModel.swift; sourceTree = "<group>"; };
		2337C86C2C710A5F00E2A67B /* DetailToolBar.swift */ = {isa = PBXFileReference; lastKnownFileType = sourcecode.swift; path = DetailToolBar.swift; sourceTree = "<group>"; };
		2347A9012C7ABB95009F9480 /* FolderDetailViewController.swift */ = {isa = PBXFileReference; lastKnownFileType = sourcecode.swift; path = FolderDetailViewController.swift; sourceTree = "<group>"; };
		2347A9032C7ABBA9009F9480 /* FolderDetailView.swift */ = {isa = PBXFileReference; lastKnownFileType = sourcecode.swift; path = FolderDetailView.swift; sourceTree = "<group>"; };
		2347A9052C7ABBE3009F9480 /* FolderDetailViewModel.swift */ = {isa = PBXFileReference; lastKnownFileType = sourcecode.swift; path = FolderDetailViewModel.swift; sourceTree = "<group>"; };
		2347A90F2C7ACA0B009F9480 /* FolderSelectBottomSheet.swift */ = {isa = PBXFileReference; lastKnownFileType = sourcecode.swift; path = FolderSelectBottomSheet.swift; sourceTree = "<group>"; };
		2347A9112C7ACB7C009F9480 /* FolderSelectTableViewCell.swift */ = {isa = PBXFileReference; lastKnownFileType = sourcecode.swift; path = FolderSelectTableViewCell.swift; sourceTree = "<group>"; };
		2357E5612C7B0A1A00CC9509 /* ShareViewModel.swift */ = {isa = PBXFileReference; lastKnownFileType = sourcecode.swift; path = ShareViewModel.swift; sourceTree = "<group>"; };
		2357E5642C7B0D3900CC9509 /* FolderCollectionViewCell.swift */ = {isa = PBXFileReference; lastKnownFileType = sourcecode.swift; path = FolderCollectionViewCell.swift; sourceTree = "<group>"; };
		235ABA0C2C8C70D900763900 /* CalendarViewController.swift */ = {isa = PBXFileReference; lastKnownFileType = sourcecode.swift; path = CalendarViewController.swift; sourceTree = "<group>"; };
		235ABA0F2C8C712900763900 /* CalendarView.swift */ = {isa = PBXFileReference; lastKnownFileType = sourcecode.swift; path = CalendarView.swift; sourceTree = "<group>"; };
		235ABA122C8C716500763900 /* CalendarViewModel.swift */ = {isa = PBXFileReference; lastKnownFileType = sourcecode.swift; path = CalendarViewModel.swift; sourceTree = "<group>"; };
		236ED4CE2C6E3515000EA85B /* WishboardV2.entitlements */ = {isa = PBXFileReference; lastKnownFileType = text.plist.entitlements; path = WishboardV2.entitlements; sourceTree = "<group>"; };
		236ED4CF2C6E37BB000EA85B /* GoogleService-Info.plist */ = {isa = PBXFileReference; fileEncoding = 4; lastKnownFileType = text.plist.xml; path = "GoogleService-Info.plist"; sourceTree = "<group>"; };
		23798B6E2C8C24E300F6DA90 /* ModifyPasswordViewController.swift */ = {isa = PBXFileReference; lastKnownFileType = sourcecode.swift; path = ModifyPasswordViewController.swift; sourceTree = "<group>"; };
		23798B702C8C253700F6DA90 /* ModifyPasswordView.swift */ = {isa = PBXFileReference; lastKnownFileType = sourcecode.swift; path = ModifyPasswordView.swift; sourceTree = "<group>"; };
		23798B722C8C256B00F6DA90 /* ModifyPasswordViewModel.swift */ = {isa = PBXFileReference; lastKnownFileType = sourcecode.swift; path = ModifyPasswordViewModel.swift; sourceTree = "<group>"; };
		2385950B2C71BC7E00B85CBC /* PaddingLabel.swift */ = {isa = PBXFileReference; lastKnownFileType = sourcecode.swift; path = PaddingLabel.swift; sourceTree = "<group>"; };
		238595102C71BF2B00B85CBC /* FolderViewController.swift */ = {isa = PBXFileReference; lastKnownFileType = sourcecode.swift; path = FolderViewController.swift; sourceTree = "<group>"; };
		238595122C71BF3900B85CBC /* FolderView.swift */ = {isa = PBXFileReference; lastKnownFileType = sourcecode.swift; path = FolderView.swift; sourceTree = "<group>"; };
		238595152C71BF4F00B85CBC /* FolderViewModel.swift */ = {isa = PBXFileReference; lastKnownFileType = sourcecode.swift; path = FolderViewModel.swift; sourceTree = "<group>"; };
		238595192C71C13F00B85CBC /* FolderCollectionViewCell.swift */ = {isa = PBXFileReference; lastKnownFileType = sourcecode.swift; path = FolderCollectionViewCell.swift; sourceTree = "<group>"; };
		238595242C71C7E700B85CBC /* BaseToolBar.swift */ = {isa = PBXFileReference; lastKnownFileType = sourcecode.swift; path = BaseToolBar.swift; sourceTree = "<group>"; };
		238F45A72C70A83600A6119B /* HomeToolBar.swift */ = {isa = PBXFileReference; lastKnownFileType = sourcecode.swift; path = HomeToolBar.swift; sourceTree = "<group>"; };
		239540F02C6A179B003AB3D5 /* LoginView.swift */ = {isa = PBXFileReference; lastKnownFileType = sourcecode.swift; path = LoginView.swift; sourceTree = "<group>"; };
		23974D4D2C5E5303006BBC97 /* SUIT-Medium.ttf */ = {isa = PBXFileReference; lastKnownFileType = file; path = "SUIT-Medium.ttf"; sourceTree = "<group>"; };
		23974D4E2C5E5304006BBC97 /* SUIT-Regular.ttf */ = {isa = PBXFileReference; lastKnownFileType = file; path = "SUIT-Regular.ttf"; sourceTree = "<group>"; };
		23974D4F2C5E5304006BBC97 /* SUIT-SemiBold.ttf */ = {isa = PBXFileReference; lastKnownFileType = file; path = "SUIT-SemiBold.ttf"; sourceTree = "<group>"; };
		23974D502C5E5304006BBC97 /* SUIT-Bold.ttf */ = {isa = PBXFileReference; lastKnownFileType = file; path = "SUIT-Bold.ttf"; sourceTree = "<group>"; };
		23974D552C5E5328006BBC97 /* Montserrat-SemiBold.ttf */ = {isa = PBXFileReference; lastKnownFileType = file; path = "Montserrat-SemiBold.ttf"; sourceTree = "<group>"; };
		23974D562C5E5328006BBC97 /* Montserrat-Bold.ttf */ = {isa = PBXFileReference; lastKnownFileType = file; path = "Montserrat-Bold.ttf"; sourceTree = "<group>"; };
		23974D572C5E5328006BBC97 /* Montserrat-Medium.ttf */ = {isa = PBXFileReference; lastKnownFileType = file; path = "Montserrat-Medium.ttf"; sourceTree = "<group>"; };
		23974D582C5E5328006BBC97 /* Montserrat-Regular.ttf */ = {isa = PBXFileReference; lastKnownFileType = file; path = "Montserrat-Regular.ttf"; sourceTree = "<group>"; };
		23974D592C5E5328006BBC97 /* Montserrat-ExtraBold.ttf */ = {isa = PBXFileReference; lastKnownFileType = file; path = "Montserrat-ExtraBold.ttf"; sourceTree = "<group>"; };
		239AD1DE2C6A2410002052BD /* ToolBar.swift */ = {isa = PBXFileReference; lastKnownFileType = sourcecode.swift; path = ToolBar.swift; sourceTree = "<group>"; };
		23ACCEC12C6A1E0A00E93953 /* LoginViewController.swift */ = {isa = PBXFileReference; lastKnownFileType = sourcecode.swift; path = LoginViewController.swift; sourceTree = "<group>"; };
		23ACCEC42C6A1EDC00E93953 /* LoginViewModel.swift */ = {isa = PBXFileReference; lastKnownFileType = sourcecode.swift; path = LoginViewModel.swift; sourceTree = "<group>"; };
		23AD9D682C80A245007AB8D1 /* AlarmListViewController.swift */ = {isa = PBXFileReference; lastKnownFileType = sourcecode.swift; path = AlarmListViewController.swift; sourceTree = "<group>"; };
		23AD9D6B2C80A264007AB8D1 /* AlarmListViewModel.swift */ = {isa = PBXFileReference; lastKnownFileType = sourcecode.swift; path = AlarmListViewModel.swift; sourceTree = "<group>"; };
		23AD9D6E2C80A280007AB8D1 /* AlarmListView.swift */ = {isa = PBXFileReference; lastKnownFileType = sourcecode.swift; path = AlarmListView.swift; sourceTree = "<group>"; };
		23AD9D702C80A4A4007AB8D1 /* NoticeTableViewCell.swift */ = {isa = PBXFileReference; lastKnownFileType = sourcecode.swift; path = NoticeTableViewCell.swift; sourceTree = "<group>"; };
		23B3A0CC2C7F521F006D0561 /* CartViewController.swift */ = {isa = PBXFileReference; lastKnownFileType = sourcecode.swift; path = CartViewController.swift; sourceTree = "<group>"; };
		23B3A0CF2C7F5237006D0561 /* CartViewModel.swift */ = {isa = PBXFileReference; lastKnownFileType = sourcecode.swift; path = CartViewModel.swift; sourceTree = "<group>"; };
		23B3A0D22C7F5257006D0561 /* CartView.swift */ = {isa = PBXFileReference; lastKnownFileType = sourcecode.swift; path = CartView.swift; sourceTree = "<group>"; };
		23B3A0D42C7F526A006D0561 /* CartItemTableViewCell.swift */ = {isa = PBXFileReference; lastKnownFileType = sourcecode.swift; path = CartItemTableViewCell.swift; sourceTree = "<group>"; };
		23C4D2172C7A4D6D00BB0B08 /* Share Extension.appex */ = {isa = PBXFileReference; explicitFileType = "wrapper.app-extension"; includeInIndex = 0; path = "Share Extension.appex"; sourceTree = BUILT_PRODUCTS_DIR; };
		23C4D2192C7A4D6D00BB0B08 /* ShareViewController.swift */ = {isa = PBXFileReference; lastKnownFileType = sourcecode.swift; path = ShareViewController.swift; sourceTree = "<group>"; };
		23C4D21C2C7A4D6D00BB0B08 /* Base */ = {isa = PBXFileReference; lastKnownFileType = file.storyboard; name = Base; path = Base.lproj/MainInterface.storyboard; sourceTree = "<group>"; };
		23C4D21E2C7A4D6D00BB0B08 /* Info.plist */ = {isa = PBXFileReference; lastKnownFileType = text.plist.xml; path = Info.plist; sourceTree = "<group>"; };
		23C4D22E2C7A4EFE00BB0B08 /* ShareView.swift */ = {isa = PBXFileReference; lastKnownFileType = sourcecode.swift; path = ShareView.swift; sourceTree = "<group>"; };
		23C610742D68CB2A003E71F4 /* AlarmToolBar.swift */ = {isa = PBXFileReference; lastKnownFileType = sourcecode.swift; path = AlarmToolBar.swift; sourceTree = "<group>"; };
		23C610772D68D699003E71F4 /* AddViewController.swift */ = {isa = PBXFileReference; lastKnownFileType = sourcecode.swift; path = AddViewController.swift; sourceTree = "<group>"; };
		23C6107A2D68D6B1003E71F4 /* AddView.swift */ = {isa = PBXFileReference; lastKnownFileType = sourcecode.swift; path = AddView.swift; sourceTree = "<group>"; };
		23C6107D2D68D6C3003E71F4 /* AddViewModel.swift */ = {isa = PBXFileReference; lastKnownFileType = sourcecode.swift; path = AddViewModel.swift; sourceTree = "<group>"; };
		23C6107F2D68D791003E71F4 /* OptionSelectorView.swift */ = {isa = PBXFileReference; lastKnownFileType = sourcecode.swift; path = OptionSelectorView.swift; sourceTree = "<group>"; };
		23C610812D68DF63003E71F4 /* AddToolBar.swift */ = {isa = PBXFileReference; lastKnownFileType = sourcecode.swift; path = AddToolBar.swift; sourceTree = "<group>"; };
		23CB0DCD2C79E2600053EB40 /* MyPageViewController.swift */ = {isa = PBXFileReference; lastKnownFileType = sourcecode.swift; path = MyPageViewController.swift; sourceTree = "<group>"; };
		23CB0DD02C79E26F0053EB40 /* MyPageView.swift */ = {isa = PBXFileReference; lastKnownFileType = sourcecode.swift; path = MyPageView.swift; sourceTree = "<group>"; };
		23CB0DD32C79E2910053EB40 /* ProfileHeaderView.swift */ = {isa = PBXFileReference; lastKnownFileType = sourcecode.swift; path = ProfileHeaderView.swift; sourceTree = "<group>"; };
		23CB0DD52C79E2A20053EB40 /* MyPageViewModel.swift */ = {isa = PBXFileReference; lastKnownFileType = sourcecode.swift; path = MyPageViewModel.swift; sourceTree = "<group>"; };
		23CB0DD72C79E43F0053EB40 /* SettingTableViewCell.swift */ = {isa = PBXFileReference; lastKnownFileType = sourcecode.swift; path = SettingTableViewCell.swift; sourceTree = "<group>"; };
		23CBF4962C5514510061D22F /* WishboardV2.app */ = {isa = PBXFileReference; explicitFileType = wrapper.application; includeInIndex = 0; path = WishboardV2.app; sourceTree = BUILT_PRODUCTS_DIR; };
		23CBF4992C5514510061D22F /* AppDelegate.swift */ = {isa = PBXFileReference; lastKnownFileType = sourcecode.swift; path = AppDelegate.swift; sourceTree = "<group>"; };
		23CBF49B2C5514510061D22F /* SceneDelegate.swift */ = {isa = PBXFileReference; lastKnownFileType = sourcecode.swift; path = SceneDelegate.swift; sourceTree = "<group>"; };
		23CBF49D2C5514510061D22F /* ViewController.swift */ = {isa = PBXFileReference; lastKnownFileType = sourcecode.swift; path = ViewController.swift; sourceTree = "<group>"; };
		23CBF4A22C5514530061D22F /* Assets.xcassets */ = {isa = PBXFileReference; lastKnownFileType = folder.assetcatalog; path = Assets.xcassets; sourceTree = "<group>"; };
		23CBF4A72C5514530061D22F /* Info.plist */ = {isa = PBXFileReference; lastKnownFileType = text.plist.xml; path = Info.plist; sourceTree = "<group>"; };
		23CBF4AC2C5514530061D22F /* WishboardV2Tests.xctest */ = {isa = PBXFileReference; explicitFileType = wrapper.cfbundle; includeInIndex = 0; path = WishboardV2Tests.xctest; sourceTree = BUILT_PRODUCTS_DIR; };
		23CBF4B02C5514530061D22F /* WishboardV2Tests.swift */ = {isa = PBXFileReference; lastKnownFileType = sourcecode.swift; path = WishboardV2Tests.swift; sourceTree = "<group>"; };
		23CBF4B62C5514530061D22F /* WishboardV2UITests.xctest */ = {isa = PBXFileReference; explicitFileType = wrapper.cfbundle; includeInIndex = 0; path = WishboardV2UITests.xctest; sourceTree = BUILT_PRODUCTS_DIR; };
		23CBF4BA2C5514530061D22F /* WishboardV2UITests.swift */ = {isa = PBXFileReference; lastKnownFileType = sourcecode.swift; path = WishboardV2UITests.swift; sourceTree = "<group>"; };
		23CBF4BC2C5514530061D22F /* WishboardV2UITestsLaunchTests.swift */ = {isa = PBXFileReference; lastKnownFileType = sourcecode.swift; path = WishboardV2UITestsLaunchTests.swift; sourceTree = "<group>"; };
		23CBF4CE2C5515E80061D22F /* OnboardingViewController.swift */ = {isa = PBXFileReference; lastKnownFileType = sourcecode.swift; path = OnboardingViewController.swift; sourceTree = "<group>"; };
		23CBF4D02C55160C0061D22F /* OnboardingView.swift */ = {isa = PBXFileReference; lastKnownFileType = sourcecode.swift; path = OnboardingView.swift; sourceTree = "<group>"; };
		23CBF4D42C55162A0061D22F /* OnboardingViewModel.swift */ = {isa = PBXFileReference; lastKnownFileType = sourcecode.swift; path = OnboardingViewModel.swift; sourceTree = "<group>"; };
		23CBF4D82C55199E0061D22F /* ApplicationLibrary */ = {isa = PBXFileReference; lastKnownFileType = wrapper; path = ApplicationLibrary; sourceTree = "<group>"; };
		23D288342C5523F60044DF16 /* Core.xcodeproj */ = {isa = PBXFileReference; lastKnownFileType = "wrapper.pb-project"; name = Core.xcodeproj; path = Core/Core.xcodeproj; sourceTree = "<group>"; };
		23D288452C55259E0044DF16 /* SplashViewController.swift */ = {isa = PBXFileReference; lastKnownFileType = sourcecode.swift; path = SplashViewController.swift; sourceTree = "<group>"; };
		23D5B65C2C7A297E00B73174 /* WebViewController.swift */ = {isa = PBXFileReference; lastKnownFileType = sourcecode.swift; path = WebViewController.swift; sourceTree = "<group>"; };
		23D5B6622C7A309F00B73174 /* AlertViewController.swift */ = {isa = PBXFileReference; lastKnownFileType = sourcecode.swift; path = AlertViewController.swift; sourceTree = "<group>"; };
		23DEFA882C563BED007E958A /* Main.storyboard */ = {isa = PBXFileReference; fileEncoding = 4; lastKnownFileType = file.storyboard; path = Main.storyboard; sourceTree = "<group>"; };
		23F03C4F2C7B5F4200B7003E /* Share Extension.entitlements */ = {isa = PBXFileReference; lastKnownFileType = text.plist.entitlements; path = "Share Extension.entitlements"; sourceTree = "<group>"; };
		23F0F5382C83FC24001ABAA9 /* ModiftyProfileViewController.swift */ = {isa = PBXFileReference; lastKnownFileType = sourcecode.swift; path = ModiftyProfileViewController.swift; sourceTree = "<group>"; };
		23F0F53A2C83FC5D001ABAA9 /* ModifyProfileViewModel.swift */ = {isa = PBXFileReference; lastKnownFileType = sourcecode.swift; path = ModifyProfileViewModel.swift; sourceTree = "<group>"; };
		23F0F53C2C83FC65001ABAA9 /* ModifyProfileView.swift */ = {isa = PBXFileReference; lastKnownFileType = sourcecode.swift; path = ModifyProfileView.swift; sourceTree = "<group>"; };
		23F3FFBD2C78FAAF003C7DA9 /* SnackBar.swift */ = {isa = PBXFileReference; lastKnownFileType = sourcecode.swift; path = SnackBar.swift; sourceTree = "<group>"; };
		23F3FFC22C7901F0003C7DA9 /* AnimationButton.swift */ = {isa = PBXFileReference; lastKnownFileType = sourcecode.swift; path = AnimationButton.swift; sourceTree = "<group>"; };
		23F3FFC42C790296003C7DA9 /* loading_spin.json */ = {isa = PBXFileReference; fileEncoding = 4; lastKnownFileType = text.json; path = loading_spin.json; sourceTree = "<group>"; };
		23F3FFC52C790297003C7DA9 /* loading_horizontal_black.json */ = {isa = PBXFileReference; fileEncoding = 4; lastKnownFileType = text.json; path = loading_horizontal_black.json; sourceTree = "<group>"; };
/* End PBXFileReference section */

/* Begin PBXFrameworksBuildPhase section */
		23C4D2142C7A4D6D00BB0B08 /* Frameworks */ = {
			isa = PBXFrameworksBuildPhase;
			buildActionMask = 2147483647;
			files = (
				23C4D2272C7A4E0B00BB0B08 /* ApplicationLibrary in Frameworks */,
				23C4D2282C7A4E0D00BB0B08 /* Core.framework in Frameworks */,
				23C4D22B2C7A4E2300BB0B08 /* WBNetwork.framework in Frameworks */,
			);
			runOnlyForDeploymentPostprocessing = 0;
		};
		23CBF4932C5514510061D22F /* Frameworks */ = {
			isa = PBXFrameworksBuildPhase;
			buildActionMask = 2147483647;
			files = (
				23CBF4DD2C551B5B0061D22F /* ApplicationLibrary in Frameworks */,
				23D2883D2C55240A0044DF16 /* Core.framework in Frameworks */,
				232185EC2C70B519008BD81B /* WBNetwork.framework in Frameworks */,
			);
			runOnlyForDeploymentPostprocessing = 0;
		};
		23CBF4A92C5514530061D22F /* Frameworks */ = {
			isa = PBXFrameworksBuildPhase;
			buildActionMask = 2147483647;
			files = (
			);
			runOnlyForDeploymentPostprocessing = 0;
		};
		23CBF4B32C5514530061D22F /* Frameworks */ = {
			isa = PBXFrameworksBuildPhase;
			buildActionMask = 2147483647;
			files = (
			);
			runOnlyForDeploymentPostprocessing = 0;
		};
/* End PBXFrameworksBuildPhase section */

/* Begin PBXGroup section */
		231F51BC2C708EAC00524968 /* Item */ = {
			isa = PBXGroup;
			children = (
				231F51C42C708F4A00524968 /* HomeViewModel.swift */,
				2337C8672C70FDB400E2A67B /* ItemDetailViewModel.swift */,
			);
			path = Item;
			sourceTree = "<group>";
		};
		231F51BF2C708ED500524968 /* Item */ = {
			isa = PBXGroup;
			children = (
				231F51BD2C708EB400524968 /* HomeView.swift */,
				231F51C02C708EE400524968 /* WishItemCollectionViewCell.swift */,
				2337C8652C70FD4F00E2A67B /* ItemDetailView.swift */,
				2347A9112C7ACB7C009F9480 /* FolderSelectTableViewCell.swift */,
			);
			path = Item;
			sourceTree = "<group>";
		};
		232185BF2C70B3BB008BD81B /* Products */ = {
			isa = PBXGroup;
			children = (
				232185C42C70B3BB008BD81B /* WBNetwork.framework */,
				232185C62C70B3BB008BD81B /* WBNetworkTests.xctest */,
			);
			name = Products;
			sourceTree = "<group>";
		};
		232466732C6F929700979940 /* TabBar */ = {
			isa = PBXGroup;
			children = (
				232466742C6F92A400979940 /* TabBarViewController.swift */,
			);
			path = TabBar;
			sourceTree = "<group>";
		};
		232466762C6F92AF00979940 /* Item */ = {
			isa = PBXGroup;
			children = (
				232466772C6F92B800979940 /* HomeViewController.swift */,
				2337C8632C70FD2B00E2A67B /* ItemDetailViewController.swift */,
				2347A90F2C7ACA0B009F9480 /* FolderSelectBottomSheet.swift */,
			);
			path = Item;
			sourceTree = "<group>";
		};
		2357E5602C7B0A1200CC9509 /* ViewModel */ = {
			isa = PBXGroup;
			children = (
				2357E5612C7B0A1A00CC9509 /* ShareViewModel.swift */,
			);
			path = ViewModel;
			sourceTree = "<group>";
		};
		235ABA0B2C8C70CC00763900 /* Calendar */ = {
			isa = PBXGroup;
			children = (
				235ABA0C2C8C70D900763900 /* CalendarViewController.swift */,
			);
			path = Calendar;
			sourceTree = "<group>";
		};
		235ABA0E2C8C711D00763900 /* Calendar */ = {
			isa = PBXGroup;
			children = (
				235ABA0F2C8C712900763900 /* CalendarView.swift */,
			);
			path = Calendar;
			sourceTree = "<group>";
		};
		235ABA112C8C715B00763900 /* Calendar */ = {
			isa = PBXGroup;
			children = (
				235ABA122C8C716500763900 /* CalendarViewModel.swift */,
			);
			path = Calendar;
			sourceTree = "<group>";
		};
		2385950D2C71BC8400B85CBC /* ToolBars */ = {
			isa = PBXGroup;
			children = (
				239AD1DE2C6A2410002052BD /* ToolBar.swift */,
				238F45A72C70A83600A6119B /* HomeToolBar.swift */,
				2337C86C2C710A5F00E2A67B /* DetailToolBar.swift */,
				238595242C71C7E700B85CBC /* BaseToolBar.swift */,
				23C610742D68CB2A003E71F4 /* AlarmToolBar.swift */,
				23C610812D68DF63003E71F4 /* AddToolBar.swift */,
			);
			path = ToolBars;
			sourceTree = "<group>";
		};
		2385950E2C71BF1600B85CBC /* Folder */ = {
			isa = PBXGroup;
			children = (
				238595122C71BF3900B85CBC /* FolderView.swift */,
				238595192C71C13F00B85CBC /* FolderCollectionViewCell.swift */,
				2347A9032C7ABBA9009F9480 /* FolderDetailView.swift */,
			);
			path = Folder;
			sourceTree = "<group>";
		};
		2385950F2C71BF1C00B85CBC /* Folder */ = {
			isa = PBXGroup;
			children = (
				238595102C71BF2B00B85CBC /* FolderViewController.swift */,
				2328C4EA2C720CFF0081A97C /* FolderBottomSheet.swift */,
				2347A9012C7ABB95009F9480 /* FolderDetailViewController.swift */,
			);
			path = Folder;
			sourceTree = "<group>";
		};
		238595142C71BF4700B85CBC /* Folder */ = {
			isa = PBXGroup;
			children = (
				238595152C71BF4F00B85CBC /* FolderViewModel.swift */,
				2347A9052C7ABBE3009F9480 /* FolderDetailViewModel.swift */,
			);
			path = Folder;
			sourceTree = "<group>";
		};
		239540EF2C6A178E003AB3D5 /* Authentication */ = {
			isa = PBXGroup;
			children = (
				239540F02C6A179B003AB3D5 /* LoginView.swift */,
			);
			path = Authentication;
			sourceTree = "<group>";
		};
		23974D342C5E4F8F006BBC97 /* Resources */ = {
			isa = PBXGroup;
			children = (
				23974D472C5E52A8006BBC97 /* Montserrat */,
				23974D422C5E5042006BBC97 /* SUIT */,
			);
			path = Resources;
			sourceTree = "<group>";
		};
		23974D422C5E5042006BBC97 /* SUIT */ = {
			isa = PBXGroup;
			children = (
				23974D502C5E5304006BBC97 /* SUIT-Bold.ttf */,
				23974D4D2C5E5303006BBC97 /* SUIT-Medium.ttf */,
				23974D4E2C5E5304006BBC97 /* SUIT-Regular.ttf */,
				23974D4F2C5E5304006BBC97 /* SUIT-SemiBold.ttf */,
			);
			path = SUIT;
			sourceTree = "<group>";
		};
		23974D472C5E52A8006BBC97 /* Montserrat */ = {
			isa = PBXGroup;
			children = (
				23974D562C5E5328006BBC97 /* Montserrat-Bold.ttf */,
				23974D592C5E5328006BBC97 /* Montserrat-ExtraBold.ttf */,
				23974D572C5E5328006BBC97 /* Montserrat-Medium.ttf */,
				23974D582C5E5328006BBC97 /* Montserrat-Regular.ttf */,
				23974D552C5E5328006BBC97 /* Montserrat-SemiBold.ttf */,
			);
			path = Montserrat;
			sourceTree = "<group>";
		};
		239AD1DD2C6A2407002052BD /* UIComponents */ = {
			isa = PBXGroup;
			children = (
				230DE2982D6B06AA00B7BCE7 /* UIImageViewExtension.swift */,
				23D5B6612C7A309300B73174 /* Alert */,
				23F3FFC12C7901D3003C7DA9 /* AnimationButton */,
				23F3FFBC2C78FAA5003C7DA9 /* SnackBar */,
				2385950D2C71BC8400B85CBC /* ToolBars */,
				2385950B2C71BC7E00B85CBC /* PaddingLabel.swift */,
			);
			path = UIComponents;
			sourceTree = "<group>";
		};
		23ACCEC02C6A1DFC00E93953 /* Authentication */ = {
			isa = PBXGroup;
			children = (
				23ACCEC12C6A1E0A00E93953 /* LoginViewController.swift */,
			);
			path = Authentication;
			sourceTree = "<group>";
		};
		23ACCEC32C6A1ED000E93953 /* Authentication */ = {
			isa = PBXGroup;
			children = (
				23ACCEC42C6A1EDC00E93953 /* LoginViewModel.swift */,
			);
			path = Authentication;
			sourceTree = "<group>";
		};
		23AD9D652C80A216007AB8D1 /* Notice */ = {
			isa = PBXGroup;
			children = (
				23AD9D682C80A245007AB8D1 /* AlarmListViewController.swift */,
			);
			path = Notice;
			sourceTree = "<group>";
		};
		23AD9D6A2C80A25D007AB8D1 /* Notice */ = {
			isa = PBXGroup;
			children = (
				23AD9D6B2C80A264007AB8D1 /* AlarmListViewModel.swift */,
			);
			path = Notice;
			sourceTree = "<group>";
		};
		23AD9D6D2C80A277007AB8D1 /* Notice */ = {
			isa = PBXGroup;
			children = (
				23AD9D6E2C80A280007AB8D1 /* AlarmListView.swift */,
				23AD9D702C80A4A4007AB8D1 /* NoticeTableViewCell.swift */,
			);
			path = Notice;
			sourceTree = "<group>";
		};
		23B3A0CB2C7F5212006D0561 /* Cart */ = {
			isa = PBXGroup;
			children = (
				23B3A0CC2C7F521F006D0561 /* CartViewController.swift */,
			);
			path = Cart;
			sourceTree = "<group>";
		};
		23B3A0CE2C7F522F006D0561 /* Cart */ = {
			isa = PBXGroup;
			children = (
				23B3A0CF2C7F5237006D0561 /* CartViewModel.swift */,
			);
			path = Cart;
			sourceTree = "<group>";
		};
		23B3A0D12C7F5251006D0561 /* Cart */ = {
			isa = PBXGroup;
			children = (
				23B3A0D22C7F5257006D0561 /* CartView.swift */,
				23B3A0D42C7F526A006D0561 /* CartItemTableViewCell.swift */,
			);
			path = Cart;
			sourceTree = "<group>";
		};
		23C4D2182C7A4D6D00BB0B08 /* Share Extension */ = {
			isa = PBXGroup;
			children = (
				23F03C4F2C7B5F4200B7003E /* Share Extension.entitlements */,
				2357E5602C7B0A1200CC9509 /* ViewModel */,
				23C4D22D2C7A4EF500BB0B08 /* View */,
				23C4D2192C7A4D6D00BB0B08 /* ShareViewController.swift */,
				23C4D21B2C7A4D6D00BB0B08 /* MainInterface.storyboard */,
				23C4D21E2C7A4D6D00BB0B08 /* Info.plist */,
			);
			path = "Share Extension";
			sourceTree = "<group>";
		};
		23C4D22D2C7A4EF500BB0B08 /* View */ = {
			isa = PBXGroup;
			children = (
				23C4D22E2C7A4EFE00BB0B08 /* ShareView.swift */,
				2357E5642C7B0D3900CC9509 /* FolderCollectionViewCell.swift */,
			);
			path = View;
			sourceTree = "<group>";
		};
		23C610762D68D397003E71F4 /* Add */ = {
			isa = PBXGroup;
			children = (
				23C610772D68D699003E71F4 /* AddViewController.swift */,
			);
			path = Add;
			sourceTree = "<group>";
		};
		23C610792D68D6AB003E71F4 /* Add */ = {
			isa = PBXGroup;
			children = (
				23C6107A2D68D6B1003E71F4 /* AddView.swift */,
				23C6107F2D68D791003E71F4 /* OptionSelectorView.swift */,
			);
			path = Add;
			sourceTree = "<group>";
		};
		23C6107C2D68D6BD003E71F4 /* Add */ = {
			isa = PBXGroup;
			children = (
				23C6107D2D68D6C3003E71F4 /* AddViewModel.swift */,
			);
			path = Add;
			sourceTree = "<group>";
		};
		23CB0DCC2C79E2530053EB40 /* MyPage */ = {
			isa = PBXGroup;
			children = (
				23CB0DCD2C79E2600053EB40 /* MyPageViewController.swift */,
				23D5B65C2C7A297E00B73174 /* WebViewController.swift */,
				23F0F5382C83FC24001ABAA9 /* ModiftyProfileViewController.swift */,
				23798B6E2C8C24E300F6DA90 /* ModifyPasswordViewController.swift */,
			);
			path = MyPage;
			sourceTree = "<group>";
		};
		23CB0DCF2C79E2650053EB40 /* MyPage */ = {
			isa = PBXGroup;
			children = (
				23CB0DD02C79E26F0053EB40 /* MyPageView.swift */,
				23CB0DD32C79E2910053EB40 /* ProfileHeaderView.swift */,
				23CB0DD72C79E43F0053EB40 /* SettingTableViewCell.swift */,
				23F0F53C2C83FC65001ABAA9 /* ModifyProfileView.swift */,
				23798B702C8C253700F6DA90 /* ModifyPasswordView.swift */,
			);
			path = MyPage;
			sourceTree = "<group>";
		};
		23CB0DD22C79E2800053EB40 /* MyPage */ = {
			isa = PBXGroup;
			children = (
				23CB0DD52C79E2A20053EB40 /* MyPageViewModel.swift */,
				23F0F53A2C83FC5D001ABAA9 /* ModifyProfileViewModel.swift */,
				23798B722C8C256B00F6DA90 /* ModifyPasswordViewModel.swift */,
			);
			path = MyPage;
			sourceTree = "<group>";
		};
		23CBF48D2C5514510061D22F = {
			isa = PBXGroup;
			children = (
				232185C72C70B3D4008BD81B /* NetworkLibrary */,
				23CBF4D82C55199E0061D22F /* ApplicationLibrary */,
				23D288342C5523F60044DF16 /* Core.xcodeproj */,
				232185BE2C70B3BB008BD81B /* WBNetwork.xcodeproj */,
				23CBF4982C5514510061D22F /* WishboardV2 */,
				23CBF4AF2C5514530061D22F /* WishboardV2Tests */,
				23CBF4B92C5514530061D22F /* WishboardV2UITests */,
				23C4D2182C7A4D6D00BB0B08 /* Share Extension */,
				23CBF4972C5514510061D22F /* Products */,
				23CBF4D92C551B2A0061D22F /* Frameworks */,
			);
			sourceTree = "<group>";
		};
		23CBF4972C5514510061D22F /* Products */ = {
			isa = PBXGroup;
			children = (
				23CBF4962C5514510061D22F /* WishboardV2.app */,
				23CBF4AC2C5514530061D22F /* WishboardV2Tests.xctest */,
				23CBF4B62C5514530061D22F /* WishboardV2UITests.xctest */,
				23C4D2172C7A4D6D00BB0B08 /* Share Extension.appex */,
			);
			name = Products;
			sourceTree = "<group>";
		};
		23CBF4982C5514510061D22F /* WishboardV2 */ = {
			isa = PBXGroup;
			children = (
				236ED4CF2C6E37BB000EA85B /* GoogleService-Info.plist */,
				236ED4CE2C6E3515000EA85B /* WishboardV2.entitlements */,
				239AD1DD2C6A2407002052BD /* UIComponents */,
				23974D342C5E4F8F006BBC97 /* Resources */,
				23DEFA882C563BED007E958A /* Main.storyboard */,
				23CBF4CC2C5515D80061D22F /* ViewModel */,
				23CBF4CB2C5515CD0061D22F /* ViewController */,
				23CBF4CA2C5515CA0061D22F /* View */,
				23CBF4992C5514510061D22F /* AppDelegate.swift */,
				23CBF49B2C5514510061D22F /* SceneDelegate.swift */,
				23CBF49D2C5514510061D22F /* ViewController.swift */,
				23CBF4A22C5514530061D22F /* Assets.xcassets */,
				23CBF4A72C5514530061D22F /* Info.plist */,
			);
			path = WishboardV2;
			sourceTree = "<group>";
		};
		23CBF4AF2C5514530061D22F /* WishboardV2Tests */ = {
			isa = PBXGroup;
			children = (
				23CBF4B02C5514530061D22F /* WishboardV2Tests.swift */,
			);
			path = WishboardV2Tests;
			sourceTree = "<group>";
		};
		23CBF4B92C5514530061D22F /* WishboardV2UITests */ = {
			isa = PBXGroup;
			children = (
				23CBF4BA2C5514530061D22F /* WishboardV2UITests.swift */,
				23CBF4BC2C5514530061D22F /* WishboardV2UITestsLaunchTests.swift */,
			);
			path = WishboardV2UITests;
			sourceTree = "<group>";
		};
		23CBF4CA2C5515CA0061D22F /* View */ = {
			isa = PBXGroup;
			children = (
				23C610792D68D6AB003E71F4 /* Add */,
				235ABA0E2C8C711D00763900 /* Calendar */,
				23AD9D6D2C80A277007AB8D1 /* Notice */,
				23B3A0D12C7F5251006D0561 /* Cart */,
				23CB0DCF2C79E2650053EB40 /* MyPage */,
				2385950E2C71BF1600B85CBC /* Folder */,
				231F51BF2C708ED500524968 /* Item */,
				239540EF2C6A178E003AB3D5 /* Authentication */,
				23CBF4D32C55161F0061D22F /* Onboarding */,
			);
			path = View;
			sourceTree = "<group>";
		};
		23CBF4CB2C5515CD0061D22F /* ViewController */ = {
			isa = PBXGroup;
			children = (
				23C610762D68D397003E71F4 /* Add */,
				235ABA0B2C8C70CC00763900 /* Calendar */,
				23AD9D652C80A216007AB8D1 /* Notice */,
				23B3A0CB2C7F5212006D0561 /* Cart */,
				23CB0DCC2C79E2530053EB40 /* MyPage */,
				2385950F2C71BF1C00B85CBC /* Folder */,
				232466762C6F92AF00979940 /* Item */,
				232466732C6F929700979940 /* TabBar */,
				23ACCEC02C6A1DFC00E93953 /* Authentication */,
				23D288442C5525940044DF16 /* Splash */,
				23CBF4CD2C5515E10061D22F /* Onboarding */,
			);
			path = ViewController;
			sourceTree = "<group>";
		};
		23CBF4CC2C5515D80061D22F /* ViewModel */ = {
			isa = PBXGroup;
			children = (
				23C6107C2D68D6BD003E71F4 /* Add */,
				235ABA112C8C715B00763900 /* Calendar */,
				23AD9D6A2C80A25D007AB8D1 /* Notice */,
				23B3A0CE2C7F522F006D0561 /* Cart */,
				23CB0DD22C79E2800053EB40 /* MyPage */,
				238595142C71BF4700B85CBC /* Folder */,
				231F51BC2C708EAC00524968 /* Item */,
				23ACCEC32C6A1ED000E93953 /* Authentication */,
				23DEFA872C563851007E958A /* Splash */,
				23CBF4D22C55161B0061D22F /* Onboarding */,
			);
			path = ViewModel;
			sourceTree = "<group>";
		};
		23CBF4CD2C5515E10061D22F /* Onboarding */ = {
			isa = PBXGroup;
			children = (
				23CBF4CE2C5515E80061D22F /* OnboardingViewController.swift */,
			);
			path = Onboarding;
			sourceTree = "<group>";
		};
		23CBF4D22C55161B0061D22F /* Onboarding */ = {
			isa = PBXGroup;
			children = (
				23CBF4D42C55162A0061D22F /* OnboardingViewModel.swift */,
			);
			path = Onboarding;
			sourceTree = "<group>";
		};
		23CBF4D32C55161F0061D22F /* Onboarding */ = {
			isa = PBXGroup;
			children = (
				23CBF4D02C55160C0061D22F /* OnboardingView.swift */,
			);
			path = Onboarding;
			sourceTree = "<group>";
		};
		23CBF4D92C551B2A0061D22F /* Frameworks */ = {
			isa = PBXGroup;
			children = (
			);
			name = Frameworks;
			sourceTree = "<group>";
		};
		23D288352C5523F60044DF16 /* Products */ = {
			isa = PBXGroup;
			children = (
				23D2883A2C5523F60044DF16 /* Core.framework */,
				23D2883C2C5523F60044DF16 /* CoreTests.xctest */,
			);
			name = Products;
			sourceTree = "<group>";
		};
		23D288442C5525940044DF16 /* Splash */ = {
			isa = PBXGroup;
			children = (
				23D288452C55259E0044DF16 /* SplashViewController.swift */,
			);
			path = Splash;
			sourceTree = "<group>";
		};
		23D5B6612C7A309300B73174 /* Alert */ = {
			isa = PBXGroup;
			children = (
				23D5B6622C7A309F00B73174 /* AlertViewController.swift */,
			);
			path = Alert;
			sourceTree = "<group>";
		};
		23DEFA872C563851007E958A /* Splash */ = {
			isa = PBXGroup;
			children = (
			);
			path = Splash;
			sourceTree = "<group>";
		};
		23F3FFBC2C78FAA5003C7DA9 /* SnackBar */ = {
			isa = PBXGroup;
			children = (
				23F3FFBD2C78FAAF003C7DA9 /* SnackBar.swift */,
			);
			path = SnackBar;
			sourceTree = "<group>";
		};
		23F3FFC12C7901D3003C7DA9 /* AnimationButton */ = {
			isa = PBXGroup;
			children = (
				23F3FFC22C7901F0003C7DA9 /* AnimationButton.swift */,
				23F3FFC52C790297003C7DA9 /* loading_horizontal_black.json */,
				23F3FFC42C790296003C7DA9 /* loading_spin.json */,
			);
			path = AnimationButton;
			sourceTree = "<group>";
		};
/* End PBXGroup section */

/* Begin PBXNativeTarget section */
		23C4D2162C7A4D6D00BB0B08 /* Share Extension */ = {
			isa = PBXNativeTarget;
			buildConfigurationList = 23C4D2222C7A4D6D00BB0B08 /* Build configuration list for PBXNativeTarget "Share Extension" */;
			buildPhases = (
				23C4D2132C7A4D6D00BB0B08 /* Sources */,
				23C4D2142C7A4D6D00BB0B08 /* Frameworks */,
				23C4D2152C7A4D6D00BB0B08 /* Resources */,
				23C4D22A2C7A4E0D00BB0B08 /* Embed Frameworks */,
			);
			buildRules = (
			);
			dependencies = (
			);
			name = "Share Extension";
			packageProductDependencies = (
				23C4D2262C7A4E0B00BB0B08 /* ApplicationLibrary */,
			);
			productName = "Share Extension";
			productReference = 23C4D2172C7A4D6D00BB0B08 /* Share Extension.appex */;
			productType = "com.apple.product-type.app-extension";
		};
		23CBF4952C5514510061D22F /* WishboardV2 */ = {
			isa = PBXNativeTarget;
			buildConfigurationList = 23CBF4C02C5514530061D22F /* Build configuration list for PBXNativeTarget "WishboardV2" */;
			buildPhases = (
				23CBF4922C5514510061D22F /* Sources */,
				23CBF4932C5514510061D22F /* Frameworks */,
				23CBF4942C5514510061D22F /* Resources */,
				23D2883F2C55240A0044DF16 /* Embed Frameworks */,
				23C4D2252C7A4D6D00BB0B08 /* Embed Foundation Extensions */,
			);
			buildRules = (
			);
			dependencies = (
				23C4D2202C7A4D6D00BB0B08 /* PBXTargetDependency */,
			);
			name = WishboardV2;
			packageProductDependencies = (
				23CBF4DC2C551B5B0061D22F /* ApplicationLibrary */,
			);
			productName = WishboardV2;
			productReference = 23CBF4962C5514510061D22F /* WishboardV2.app */;
			productType = "com.apple.product-type.application";
		};
		23CBF4AB2C5514530061D22F /* WishboardV2Tests */ = {
			isa = PBXNativeTarget;
			buildConfigurationList = 23CBF4C32C5514530061D22F /* Build configuration list for PBXNativeTarget "WishboardV2Tests" */;
			buildPhases = (
				23CBF4A82C5514530061D22F /* Sources */,
				23CBF4A92C5514530061D22F /* Frameworks */,
				23CBF4AA2C5514530061D22F /* Resources */,
			);
			buildRules = (
			);
			dependencies = (
				23CBF4AE2C5514530061D22F /* PBXTargetDependency */,
			);
			name = WishboardV2Tests;
			productName = WishboardV2Tests;
			productReference = 23CBF4AC2C5514530061D22F /* WishboardV2Tests.xctest */;
			productType = "com.apple.product-type.bundle.unit-test";
		};
		23CBF4B52C5514530061D22F /* WishboardV2UITests */ = {
			isa = PBXNativeTarget;
			buildConfigurationList = 23CBF4C62C5514530061D22F /* Build configuration list for PBXNativeTarget "WishboardV2UITests" */;
			buildPhases = (
				23CBF4B22C5514530061D22F /* Sources */,
				23CBF4B32C5514530061D22F /* Frameworks */,
				23CBF4B42C5514530061D22F /* Resources */,
			);
			buildRules = (
			);
			dependencies = (
				23CBF4B82C5514530061D22F /* PBXTargetDependency */,
			);
			name = WishboardV2UITests;
			productName = WishboardV2UITests;
			productReference = 23CBF4B62C5514530061D22F /* WishboardV2UITests.xctest */;
			productType = "com.apple.product-type.bundle.ui-testing";
		};
/* End PBXNativeTarget section */

/* Begin PBXProject section */
		23CBF48E2C5514510061D22F /* Project object */ = {
			isa = PBXProject;
			attributes = {
				BuildIndependentTargetsInParallel = 1;
				LastSwiftUpdateCheck = 1520;
				LastUpgradeCheck = 1520;
				TargetAttributes = {
					23C4D2162C7A4D6D00BB0B08 = {
						CreatedOnToolsVersion = 15.2;
					};
					23CBF4952C5514510061D22F = {
						CreatedOnToolsVersion = 15.2;
					};
					23CBF4AB2C5514530061D22F = {
						CreatedOnToolsVersion = 15.2;
						TestTargetID = 23CBF4952C5514510061D22F;
					};
					23CBF4B52C5514530061D22F = {
						CreatedOnToolsVersion = 15.2;
						TestTargetID = 23CBF4952C5514510061D22F;
					};
				};
			};
			buildConfigurationList = 23CBF4912C5514510061D22F /* Build configuration list for PBXProject "WishboardV2" */;
			compatibilityVersion = "Xcode 14.0";
			developmentRegion = en;
			hasScannedForEncodings = 0;
			knownRegions = (
				en,
				Base,
			);
			mainGroup = 23CBF48D2C5514510061D22F;
			productRefGroup = 23CBF4972C5514510061D22F /* Products */;
			projectDirPath = "";
			projectReferences = (
				{
					ProductGroup = 23D288352C5523F60044DF16 /* Products */;
					ProjectRef = 23D288342C5523F60044DF16 /* Core.xcodeproj */;
				},
				{
					ProductGroup = 232185BF2C70B3BB008BD81B /* Products */;
					ProjectRef = 232185BE2C70B3BB008BD81B /* WBNetwork.xcodeproj */;
				},
			);
			projectRoot = "";
			targets = (
				23CBF4952C5514510061D22F /* WishboardV2 */,
				23CBF4AB2C5514530061D22F /* WishboardV2Tests */,
				23CBF4B52C5514530061D22F /* WishboardV2UITests */,
				23C4D2162C7A4D6D00BB0B08 /* Share Extension */,
			);
		};
/* End PBXProject section */

/* Begin PBXReferenceProxy section */
		232185C42C70B3BB008BD81B /* WBNetwork.framework */ = {
			isa = PBXReferenceProxy;
			fileType = wrapper.framework;
			path = WBNetwork.framework;
			remoteRef = 232185C32C70B3BB008BD81B /* PBXContainerItemProxy */;
			sourceTree = BUILT_PRODUCTS_DIR;
		};
		232185C62C70B3BB008BD81B /* WBNetworkTests.xctest */ = {
			isa = PBXReferenceProxy;
			fileType = wrapper.cfbundle;
			path = WBNetworkTests.xctest;
			remoteRef = 232185C52C70B3BB008BD81B /* PBXContainerItemProxy */;
			sourceTree = BUILT_PRODUCTS_DIR;
		};
		23D2883A2C5523F60044DF16 /* Core.framework */ = {
			isa = PBXReferenceProxy;
			fileType = wrapper.framework;
			path = Core.framework;
			remoteRef = 23D288392C5523F60044DF16 /* PBXContainerItemProxy */;
			sourceTree = BUILT_PRODUCTS_DIR;
		};
		23D2883C2C5523F60044DF16 /* CoreTests.xctest */ = {
			isa = PBXReferenceProxy;
			fileType = wrapper.cfbundle;
			path = CoreTests.xctest;
			remoteRef = 23D2883B2C5523F60044DF16 /* PBXContainerItemProxy */;
			sourceTree = BUILT_PRODUCTS_DIR;
		};
/* End PBXReferenceProxy section */

/* Begin PBXResourcesBuildPhase section */
		23C4D2152C7A4D6D00BB0B08 /* Resources */ = {
			isa = PBXResourcesBuildPhase;
			buildActionMask = 2147483647;
			files = (
				23C4D23B2C7A526D00BB0B08 /* SUIT-Bold.ttf in Resources */,
				23C4D23A2C7A526D00BB0B08 /* SUIT-Medium.ttf in Resources */,
				23C4D2332C7A521F00BB0B08 /* loading_spin.json in Resources */,
				23C4D2352C7A526600BB0B08 /* Montserrat-ExtraBold.ttf in Resources */,
				23C4D2322C7A521B00BB0B08 /* loading_horizontal_black.json in Resources */,
				23C4D23C2C7A526D00BB0B08 /* SUIT-SemiBold.ttf in Resources */,
				23C4D2362C7A526600BB0B08 /* Montserrat-Medium.ttf in Resources */,
				23C4D2372C7A526600BB0B08 /* Montserrat-Bold.ttf in Resources */,
				23C4D2312C7A51F600BB0B08 /* Assets.xcassets in Resources */,
				23C4D2382C7A526600BB0B08 /* Montserrat-SemiBold.ttf in Resources */,
				23C4D2342C7A526600BB0B08 /* Montserrat-Regular.ttf in Resources */,
				23C4D2392C7A526D00BB0B08 /* SUIT-Regular.ttf in Resources */,
				23C4D21D2C7A4D6D00BB0B08 /* MainInterface.storyboard in Resources */,
			);
			runOnlyForDeploymentPostprocessing = 0;
		};
		23CBF4942C5514510061D22F /* Resources */ = {
			isa = PBXResourcesBuildPhase;
			buildActionMask = 2147483647;
			files = (
				23F3FFC62C790297003C7DA9 /* loading_spin.json in Resources */,
				23974D542C5E5304006BBC97 /* SUIT-Bold.ttf in Resources */,
				23974D522C5E5304006BBC97 /* SUIT-Regular.ttf in Resources */,
				23974D512C5E5304006BBC97 /* SUIT-Medium.ttf in Resources */,
				23974D5A2C5E5328006BBC97 /* Montserrat-SemiBold.ttf in Resources */,
				23974D5B2C5E5328006BBC97 /* Montserrat-Bold.ttf in Resources */,
				236ED4D02C6E37BB000EA85B /* GoogleService-Info.plist in Resources */,
				23CBF4A32C5514530061D22F /* Assets.xcassets in Resources */,
				23F3FFC72C790297003C7DA9 /* loading_horizontal_black.json in Resources */,
				23974D532C5E5304006BBC97 /* SUIT-SemiBold.ttf in Resources */,
				23974D5C2C5E5328006BBC97 /* Montserrat-Medium.ttf in Resources */,
				23974D5E2C5E5328006BBC97 /* Montserrat-ExtraBold.ttf in Resources */,
				23974D5D2C5E5328006BBC97 /* Montserrat-Regular.ttf in Resources */,
				23DEFA892C563BED007E958A /* Main.storyboard in Resources */,
			);
			runOnlyForDeploymentPostprocessing = 0;
		};
		23CBF4AA2C5514530061D22F /* Resources */ = {
			isa = PBXResourcesBuildPhase;
			buildActionMask = 2147483647;
			files = (
			);
			runOnlyForDeploymentPostprocessing = 0;
		};
		23CBF4B42C5514530061D22F /* Resources */ = {
			isa = PBXResourcesBuildPhase;
			buildActionMask = 2147483647;
			files = (
			);
			runOnlyForDeploymentPostprocessing = 0;
		};
/* End PBXResourcesBuildPhase section */

/* Begin PBXSourcesBuildPhase section */
		23C4D2132C7A4D6D00BB0B08 /* Sources */ = {
			isa = PBXSourcesBuildPhase;
			buildActionMask = 2147483647;
			files = (
				23C4D23D2C7A52B300BB0B08 /* FolderBottomSheet.swift in Sources */,
				23C4D2302C7A4F6F00BB0B08 /* AnimationButton.swift in Sources */,
				23C4D22F2C7A4EFE00BB0B08 /* ShareView.swift in Sources */,
				2357E5652C7B0D3A00CC9509 /* FolderCollectionViewCell.swift in Sources */,
				2357E5622C7B0A1A00CC9509 /* ShareViewModel.swift in Sources */,
				2357E5632C7B0AE600CC9509 /* SnackBar.swift in Sources */,
				230DE29E2D6B08BB00B7BCE7 /* UIImageViewExtension.swift in Sources */,
				23C4D21A2C7A4D6D00BB0B08 /* ShareViewController.swift in Sources */,
			);
			runOnlyForDeploymentPostprocessing = 0;
		};
		23CBF4922C5514510061D22F /* Sources */ = {
			isa = PBXSourcesBuildPhase;
			buildActionMask = 2147483647;
			files = (
				23B3A0D32C7F5257006D0561 /* CartView.swift in Sources */,
				23CBF49E2C5514510061D22F /* ViewController.swift in Sources */,
				2347A9062C7ABBE3009F9480 /* FolderDetailViewModel.swift in Sources */,
				231F51C12C708EE400524968 /* WishItemCollectionViewCell.swift in Sources */,
				238595132C71BF3900B85CBC /* FolderView.swift in Sources */,
				23798B6F2C8C24E300F6DA90 /* ModifyPasswordViewController.swift in Sources */,
				23D5B6632C7A309F00B73174 /* AlertViewController.swift in Sources */,
				2347A9122C7ACB7C009F9480 /* FolderSelectTableViewCell.swift in Sources */,
				23C6107B2D68D6B1003E71F4 /* AddView.swift in Sources */,
				23C610802D68D791003E71F4 /* OptionSelectorView.swift in Sources */,
				23CBF4D52C55162A0061D22F /* OnboardingViewModel.swift in Sources */,
				238595252C71C7E700B85CBC /* BaseToolBar.swift in Sources */,
				2347A9102C7ACA0B009F9480 /* FolderSelectBottomSheet.swift in Sources */,
				2337C86D2C710A5F00E2A67B /* DetailToolBar.swift in Sources */,
				239540F12C6A179B003AB3D5 /* LoginView.swift in Sources */,
				239AD1DF2C6A2410002052BD /* ToolBar.swift in Sources */,
				23CBF4CF2C5515E80061D22F /* OnboardingViewController.swift in Sources */,
				23CB0DD12C79E26F0053EB40 /* MyPageView.swift in Sources */,
				2385951A2C71C13F00B85CBC /* FolderCollectionViewCell.swift in Sources */,
				23B3A0CD2C7F521F006D0561 /* CartViewController.swift in Sources */,
				2337C8682C70FDB400E2A67B /* ItemDetailViewModel.swift in Sources */,
				23CBF49A2C5514510061D22F /* AppDelegate.swift in Sources */,
				23798B712C8C253700F6DA90 /* ModifyPasswordView.swift in Sources */,
				23CB0DD42C79E2910053EB40 /* ProfileHeaderView.swift in Sources */,
				23CBF4D12C55160C0061D22F /* OnboardingView.swift in Sources */,
				23F3FFBE2C78FAAF003C7DA9 /* SnackBar.swift in Sources */,
				23CB0DD82C79E43F0053EB40 /* SettingTableViewCell.swift in Sources */,
				2385950C2C71BC7E00B85CBC /* PaddingLabel.swift in Sources */,
				23AD9D6F2C80A280007AB8D1 /* AlarmListView.swift in Sources */,
				235ABA132C8C716500763900 /* CalendarViewModel.swift in Sources */,
				232466782C6F92B800979940 /* HomeViewController.swift in Sources */,
				2347A9022C7ABB95009F9480 /* FolderDetailViewController.swift in Sources */,
				23D5B65D2C7A297E00B73174 /* WebViewController.swift in Sources */,
				238F45A82C70A83600A6119B /* HomeToolBar.swift in Sources */,
				23CB0DCE2C79E2600053EB40 /* MyPageViewController.swift in Sources */,
				2337C8662C70FD4F00E2A67B /* ItemDetailView.swift in Sources */,
				231F51C52C708F4A00524968 /* HomeViewModel.swift in Sources */,
				23C610782D68D699003E71F4 /* AddViewController.swift in Sources */,
				23D288462C55259E0044DF16 /* SplashViewController.swift in Sources */,
				23B3A0D52C7F526A006D0561 /* CartItemTableViewCell.swift in Sources */,
				235ABA102C8C712900763900 /* CalendarView.swift in Sources */,
				23CB0DD62C79E2A20053EB40 /* MyPageViewModel.swift in Sources */,
				23B3A0D02C7F5237006D0561 /* CartViewModel.swift in Sources */,
				231F51BE2C708EB400524968 /* HomeView.swift in Sources */,
				23C610752D68CB2A003E71F4 /* AlarmToolBar.swift in Sources */,
				23AD9D692C80A245007AB8D1 /* AlarmListViewController.swift in Sources */,
				23ACCEC52C6A1EDC00E93953 /* LoginViewModel.swift in Sources */,
				2337C8642C70FD2B00E2A67B /* ItemDetailViewController.swift in Sources */,
				23F0F53B2C83FC5D001ABAA9 /* ModifyProfileViewModel.swift in Sources */,
				232466752C6F92A400979940 /* TabBarViewController.swift in Sources */,
				230DE2992D6B06AA00B7BCE7 /* UIImageViewExtension.swift in Sources */,
				23F3FFC32C7901F0003C7DA9 /* AnimationButton.swift in Sources */,
				23F0F53D2C83FC65001ABAA9 /* ModifyProfileView.swift in Sources */,
				23C6107E2D68D6C3003E71F4 /* AddViewModel.swift in Sources */,
				238595162C71BF4F00B85CBC /* FolderViewModel.swift in Sources */,
				23AD9D712C80A4A4007AB8D1 /* NoticeTableViewCell.swift in Sources */,
				23C610822D68DF63003E71F4 /* AddToolBar.swift in Sources */,
				235ABA0D2C8C70D900763900 /* CalendarViewController.swift in Sources */,
				2328C4EB2C720CFF0081A97C /* FolderBottomSheet.swift in Sources */,
				238595112C71BF2B00B85CBC /* FolderViewController.swift in Sources */,
				23ACCEC22C6A1E0A00E93953 /* LoginViewController.swift in Sources */,
				2347A9042C7ABBA9009F9480 /* FolderDetailView.swift in Sources */,
				23AD9D6C2C80A264007AB8D1 /* AlarmListViewModel.swift in Sources */,
				23F0F5392C83FC24001ABAA9 /* ModiftyProfileViewController.swift in Sources */,
				23CBF49C2C5514510061D22F /* SceneDelegate.swift in Sources */,
				23798B732C8C256B00F6DA90 /* ModifyPasswordViewModel.swift in Sources */,
			);
			runOnlyForDeploymentPostprocessing = 0;
		};
		23CBF4A82C5514530061D22F /* Sources */ = {
			isa = PBXSourcesBuildPhase;
			buildActionMask = 2147483647;
			files = (
				23CBF4B12C5514530061D22F /* WishboardV2Tests.swift in Sources */,
			);
			runOnlyForDeploymentPostprocessing = 0;
		};
		23CBF4B22C5514530061D22F /* Sources */ = {
			isa = PBXSourcesBuildPhase;
			buildActionMask = 2147483647;
			files = (
				23CBF4BD2C5514530061D22F /* WishboardV2UITestsLaunchTests.swift in Sources */,
				23CBF4BB2C5514530061D22F /* WishboardV2UITests.swift in Sources */,
			);
			runOnlyForDeploymentPostprocessing = 0;
		};
/* End PBXSourcesBuildPhase section */

/* Begin PBXTargetDependency section */
		23C4D2202C7A4D6D00BB0B08 /* PBXTargetDependency */ = {
			isa = PBXTargetDependency;
			target = 23C4D2162C7A4D6D00BB0B08 /* Share Extension */;
			targetProxy = 23C4D21F2C7A4D6D00BB0B08 /* PBXContainerItemProxy */;
		};
		23CBF4AE2C5514530061D22F /* PBXTargetDependency */ = {
			isa = PBXTargetDependency;
			target = 23CBF4952C5514510061D22F /* WishboardV2 */;
			targetProxy = 23CBF4AD2C5514530061D22F /* PBXContainerItemProxy */;
		};
		23CBF4B82C5514530061D22F /* PBXTargetDependency */ = {
			isa = PBXTargetDependency;
			target = 23CBF4952C5514510061D22F /* WishboardV2 */;
			targetProxy = 23CBF4B72C5514530061D22F /* PBXContainerItemProxy */;
		};
/* End PBXTargetDependency section */

/* Begin PBXVariantGroup section */
		23C4D21B2C7A4D6D00BB0B08 /* MainInterface.storyboard */ = {
			isa = PBXVariantGroup;
			children = (
				23C4D21C2C7A4D6D00BB0B08 /* Base */,
			);
			name = MainInterface.storyboard;
			sourceTree = "<group>";
		};
/* End PBXVariantGroup section */

/* Begin XCBuildConfiguration section */
		23C4D2232C7A4D6D00BB0B08 /* Debug */ = {
			isa = XCBuildConfiguration;
			buildSettings = {
				CODE_SIGN_ENTITLEMENTS = "Share Extension/Share Extension.entitlements";
				CODE_SIGN_STYLE = Automatic;
				CURRENT_PROJECT_VERSION = 1;
				DEAD_CODE_STRIPPING = NO;
				DEVELOPMENT_TEAM = B974XY47GZ;
				GENERATE_INFOPLIST_FILE = YES;
				INFOPLIST_FILE = "Share Extension/Info.plist";
				INFOPLIST_KEY_CFBundleDisplayName = "Share Extension";
				INFOPLIST_KEY_NSHumanReadableCopyright = "";
				LD_RUNPATH_SEARCH_PATHS = (
					"$(inherited)",
					"@executable_path/Frameworks",
					"@executable_path/../../Frameworks",
				);
				MARKETING_VERSION = 1.3.0;
				PRODUCT_BUNDLE_IDENTIFIER = "gomin.Wishboard.Share-Extension";
				PRODUCT_NAME = "$(TARGET_NAME)";
				SKIP_INSTALL = YES;
				SWIFT_ACTIVE_COMPILATION_CONDITIONS = "DEBUG $(inherited) SHARE_EXTENSION";
				SWIFT_EMIT_LOC_STRINGS = YES;
				SWIFT_VERSION = 5.0;
				TARGETED_DEVICE_FAMILY = "1,2";
			};
			name = Debug;
		};
		23C4D2242C7A4D6D00BB0B08 /* Release */ = {
			isa = XCBuildConfiguration;
			buildSettings = {
				CODE_SIGN_ENTITLEMENTS = "Share Extension/Share Extension.entitlements";
				CODE_SIGN_STYLE = Automatic;
				CURRENT_PROJECT_VERSION = 1;
				DEAD_CODE_STRIPPING = NO;
				DEVELOPMENT_TEAM = B974XY47GZ;
				GENERATE_INFOPLIST_FILE = YES;
				INFOPLIST_FILE = "Share Extension/Info.plist";
				INFOPLIST_KEY_CFBundleDisplayName = "Share Extension";
				INFOPLIST_KEY_NSHumanReadableCopyright = "";
				LD_RUNPATH_SEARCH_PATHS = (
					"$(inherited)",
					"@executable_path/Frameworks",
					"@executable_path/../../Frameworks",
				);
				MARKETING_VERSION = 1.3.0;
				PRODUCT_BUNDLE_IDENTIFIER = "gomin.Wishboard.Share-Extension";
				PRODUCT_NAME = "$(TARGET_NAME)";
				SKIP_INSTALL = YES;
				SWIFT_ACTIVE_COMPILATION_CONDITIONS = SHARE_EXTENSION;
				SWIFT_EMIT_LOC_STRINGS = YES;
				SWIFT_VERSION = 5.0;
				TARGETED_DEVICE_FAMILY = "1,2";
			};
			name = Release;
		};
		23CBF4BE2C5514530061D22F /* Debug */ = {
			isa = XCBuildConfiguration;
			buildSettings = {
				ALWAYS_SEARCH_USER_PATHS = NO;
				ASSETCATALOG_COMPILER_GENERATE_SWIFT_ASSET_SYMBOL_EXTENSIONS = YES;
				CLANG_ANALYZER_NONNULL = YES;
				CLANG_ANALYZER_NUMBER_OBJECT_CONVERSION = YES_AGGRESSIVE;
				CLANG_CXX_LANGUAGE_STANDARD = "gnu++20";
				CLANG_ENABLE_MODULES = YES;
				CLANG_ENABLE_OBJC_ARC = YES;
				CLANG_ENABLE_OBJC_WEAK = YES;
				CLANG_WARN_BLOCK_CAPTURE_AUTORELEASING = YES;
				CLANG_WARN_BOOL_CONVERSION = YES;
				CLANG_WARN_COMMA = YES;
				CLANG_WARN_CONSTANT_CONVERSION = YES;
				CLANG_WARN_DEPRECATED_OBJC_IMPLEMENTATIONS = YES;
				CLANG_WARN_DIRECT_OBJC_ISA_USAGE = YES_ERROR;
				CLANG_WARN_DOCUMENTATION_COMMENTS = YES;
				CLANG_WARN_EMPTY_BODY = YES;
				CLANG_WARN_ENUM_CONVERSION = YES;
				CLANG_WARN_INFINITE_RECURSION = YES;
				CLANG_WARN_INT_CONVERSION = YES;
				CLANG_WARN_NON_LITERAL_NULL_CONVERSION = YES;
				CLANG_WARN_OBJC_IMPLICIT_RETAIN_SELF = YES;
				CLANG_WARN_OBJC_LITERAL_CONVERSION = YES;
				CLANG_WARN_OBJC_ROOT_CLASS = YES_ERROR;
				CLANG_WARN_QUOTED_INCLUDE_IN_FRAMEWORK_HEADER = YES;
				CLANG_WARN_RANGE_LOOP_ANALYSIS = YES;
				CLANG_WARN_STRICT_PROTOTYPES = YES;
				CLANG_WARN_SUSPICIOUS_MOVE = YES;
				CLANG_WARN_UNGUARDED_AVAILABILITY = YES_AGGRESSIVE;
				CLANG_WARN_UNREACHABLE_CODE = YES;
				CLANG_WARN__DUPLICATE_METHOD_MATCH = YES;
				COPY_PHASE_STRIP = NO;
				DEBUG_INFORMATION_FORMAT = dwarf;
				ENABLE_STRICT_OBJC_MSGSEND = YES;
				ENABLE_TESTABILITY = YES;
				ENABLE_USER_SCRIPT_SANDBOXING = YES;
				GCC_C_LANGUAGE_STANDARD = gnu17;
				GCC_DYNAMIC_NO_PIC = NO;
				GCC_NO_COMMON_BLOCKS = YES;
				GCC_OPTIMIZATION_LEVEL = 0;
				GCC_PREPROCESSOR_DEFINITIONS = (
					"DEBUG=1",
					"$(inherited)",
				);
				GCC_WARN_64_TO_32_BIT_CONVERSION = YES;
				GCC_WARN_ABOUT_RETURN_TYPE = YES_ERROR;
				GCC_WARN_UNDECLARED_SELECTOR = YES;
				GCC_WARN_UNINITIALIZED_AUTOS = YES_AGGRESSIVE;
				GCC_WARN_UNUSED_FUNCTION = YES;
				GCC_WARN_UNUSED_VARIABLE = YES;
				IPHONEOS_DEPLOYMENT_TARGET = 17.2;
				LOCALIZATION_PREFERS_STRING_CATALOGS = YES;
				MTL_ENABLE_DEBUG_INFO = INCLUDE_SOURCE;
				MTL_FAST_MATH = YES;
				ONLY_ACTIVE_ARCH = YES;
				SDKROOT = iphoneos;
				SWIFT_ACTIVE_COMPILATION_CONDITIONS = "DEBUG $(inherited)";
				SWIFT_OPTIMIZATION_LEVEL = "-Onone";
			};
			name = Debug;
		};
		23CBF4BF2C5514530061D22F /* Release */ = {
			isa = XCBuildConfiguration;
			buildSettings = {
				ALWAYS_SEARCH_USER_PATHS = NO;
				ASSETCATALOG_COMPILER_GENERATE_SWIFT_ASSET_SYMBOL_EXTENSIONS = YES;
				CLANG_ANALYZER_NONNULL = YES;
				CLANG_ANALYZER_NUMBER_OBJECT_CONVERSION = YES_AGGRESSIVE;
				CLANG_CXX_LANGUAGE_STANDARD = "gnu++20";
				CLANG_ENABLE_MODULES = YES;
				CLANG_ENABLE_OBJC_ARC = YES;
				CLANG_ENABLE_OBJC_WEAK = YES;
				CLANG_WARN_BLOCK_CAPTURE_AUTORELEASING = YES;
				CLANG_WARN_BOOL_CONVERSION = YES;
				CLANG_WARN_COMMA = YES;
				CLANG_WARN_CONSTANT_CONVERSION = YES;
				CLANG_WARN_DEPRECATED_OBJC_IMPLEMENTATIONS = YES;
				CLANG_WARN_DIRECT_OBJC_ISA_USAGE = YES_ERROR;
				CLANG_WARN_DOCUMENTATION_COMMENTS = YES;
				CLANG_WARN_EMPTY_BODY = YES;
				CLANG_WARN_ENUM_CONVERSION = YES;
				CLANG_WARN_INFINITE_RECURSION = YES;
				CLANG_WARN_INT_CONVERSION = YES;
				CLANG_WARN_NON_LITERAL_NULL_CONVERSION = YES;
				CLANG_WARN_OBJC_IMPLICIT_RETAIN_SELF = YES;
				CLANG_WARN_OBJC_LITERAL_CONVERSION = YES;
				CLANG_WARN_OBJC_ROOT_CLASS = YES_ERROR;
				CLANG_WARN_QUOTED_INCLUDE_IN_FRAMEWORK_HEADER = YES;
				CLANG_WARN_RANGE_LOOP_ANALYSIS = YES;
				CLANG_WARN_STRICT_PROTOTYPES = YES;
				CLANG_WARN_SUSPICIOUS_MOVE = YES;
				CLANG_WARN_UNGUARDED_AVAILABILITY = YES_AGGRESSIVE;
				CLANG_WARN_UNREACHABLE_CODE = YES;
				CLANG_WARN__DUPLICATE_METHOD_MATCH = YES;
				COPY_PHASE_STRIP = NO;
				DEBUG_INFORMATION_FORMAT = "dwarf-with-dsym";
				ENABLE_NS_ASSERTIONS = NO;
				ENABLE_STRICT_OBJC_MSGSEND = YES;
				ENABLE_USER_SCRIPT_SANDBOXING = YES;
				GCC_C_LANGUAGE_STANDARD = gnu17;
				GCC_NO_COMMON_BLOCKS = YES;
				GCC_WARN_64_TO_32_BIT_CONVERSION = YES;
				GCC_WARN_ABOUT_RETURN_TYPE = YES_ERROR;
				GCC_WARN_UNDECLARED_SELECTOR = YES;
				GCC_WARN_UNINITIALIZED_AUTOS = YES_AGGRESSIVE;
				GCC_WARN_UNUSED_FUNCTION = YES;
				GCC_WARN_UNUSED_VARIABLE = YES;
				IPHONEOS_DEPLOYMENT_TARGET = 17.2;
				LOCALIZATION_PREFERS_STRING_CATALOGS = YES;
				MTL_ENABLE_DEBUG_INFO = NO;
				MTL_FAST_MATH = YES;
				SDKROOT = iphoneos;
				SWIFT_COMPILATION_MODE = wholemodule;
				VALIDATE_PRODUCT = YES;
			};
			name = Release;
		};
		23CBF4C12C5514530061D22F /* Debug */ = {
			isa = XCBuildConfiguration;
			buildSettings = {
				ALWAYS_EMBED_SWIFT_STANDARD_LIBRARIES = YES;
				ASSETCATALOG_COMPILER_APPICON_NAME = AppIcon;
				ASSETCATALOG_COMPILER_GLOBAL_ACCENT_COLOR_NAME = AccentColor;
				ASSETCATALOG_COMPILER_INCLUDE_ALL_APPICON_ASSETS = YES;
				CODE_SIGN_ENTITLEMENTS = WishboardV2/WishboardV2.entitlements;
				CODE_SIGN_STYLE = Automatic;
				CURRENT_PROJECT_VERSION = 1;
				DEVELOPMENT_TEAM = B974XY47GZ;
				GENERATE_INFOPLIST_FILE = YES;
				INFOPLIST_FILE = WishboardV2/Info.plist;
				INFOPLIST_KEY_UIApplicationSupportsIndirectInputEvents = YES;
				INFOPLIST_KEY_UILaunchStoryboardName = "";
				INFOPLIST_KEY_UISupportedInterfaceOrientations_iPad = "UIInterfaceOrientationPortrait UIInterfaceOrientationPortraitUpsideDown UIInterfaceOrientationLandscapeLeft UIInterfaceOrientationLandscapeRight";
				INFOPLIST_KEY_UISupportedInterfaceOrientations_iPhone = "UIInterfaceOrientationPortrait UIInterfaceOrientationLandscapeLeft UIInterfaceOrientationLandscapeRight";
				LD_RUNPATH_SEARCH_PATHS = (
					"$(inherited)",
					"@executable_path/Frameworks",
				);
				MARKETING_VERSION = 1.3.0;
				PRODUCT_BUNDLE_IDENTIFIER = gomin.Wishboard;
				PRODUCT_NAME = "$(TARGET_NAME)";
				SWIFT_ACTIVE_COMPILATION_CONDITIONS = "DEBUG $(inherited) WISHBOARD_APP";
				SWIFT_EMIT_LOC_STRINGS = YES;
				SWIFT_VERSION = 5.0;
				TARGETED_DEVICE_FAMILY = "1,2";
			};
			name = Debug;
		};
		23CBF4C22C5514530061D22F /* Release */ = {
			isa = XCBuildConfiguration;
			buildSettings = {
				ALWAYS_EMBED_SWIFT_STANDARD_LIBRARIES = YES;
				ASSETCATALOG_COMPILER_APPICON_NAME = AppIcon;
				ASSETCATALOG_COMPILER_GLOBAL_ACCENT_COLOR_NAME = AccentColor;
				ASSETCATALOG_COMPILER_INCLUDE_ALL_APPICON_ASSETS = YES;
				CODE_SIGN_ENTITLEMENTS = WishboardV2/WishboardV2.entitlements;
				CODE_SIGN_STYLE = Automatic;
				CURRENT_PROJECT_VERSION = 1;
				DEVELOPMENT_TEAM = B974XY47GZ;
				GENERATE_INFOPLIST_FILE = YES;
				INFOPLIST_FILE = WishboardV2/Info.plist;
				INFOPLIST_KEY_UIApplicationSupportsIndirectInputEvents = YES;
				INFOPLIST_KEY_UILaunchStoryboardName = "";
				INFOPLIST_KEY_UISupportedInterfaceOrientations_iPad = "UIInterfaceOrientationPortrait UIInterfaceOrientationPortraitUpsideDown UIInterfaceOrientationLandscapeLeft UIInterfaceOrientationLandscapeRight";
				INFOPLIST_KEY_UISupportedInterfaceOrientations_iPhone = "UIInterfaceOrientationPortrait UIInterfaceOrientationLandscapeLeft UIInterfaceOrientationLandscapeRight";
				LD_RUNPATH_SEARCH_PATHS = (
					"$(inherited)",
					"@executable_path/Frameworks",
				);
				MARKETING_VERSION = 1.3.0;
				PRODUCT_BUNDLE_IDENTIFIER = gomin.Wishboard;
				PRODUCT_NAME = "$(TARGET_NAME)";
				SWIFT_ACTIVE_COMPILATION_CONDITIONS = WISHBOARD_APP;
				SWIFT_EMIT_LOC_STRINGS = YES;
				SWIFT_VERSION = 5.0;
				TARGETED_DEVICE_FAMILY = "1,2";
			};
			name = Release;
		};
		23CBF4C42C5514530061D22F /* Debug */ = {
			isa = XCBuildConfiguration;
			buildSettings = {
				ALWAYS_EMBED_SWIFT_STANDARD_LIBRARIES = YES;
				BUNDLE_LOADER = "$(TEST_HOST)";
				CODE_SIGN_STYLE = Automatic;
				CURRENT_PROJECT_VERSION = 1;
				DEVELOPMENT_TEAM = B974XY47GZ;
				GENERATE_INFOPLIST_FILE = YES;
				IPHONEOS_DEPLOYMENT_TARGET = 17.2;
				MARKETING_VERSION = 1.0;
				PRODUCT_BUNDLE_IDENTIFIER = gomin.WishboardV2Tests;
				PRODUCT_NAME = "$(TARGET_NAME)";
				SWIFT_EMIT_LOC_STRINGS = NO;
				SWIFT_VERSION = 5.0;
				TARGETED_DEVICE_FAMILY = "1,2";
				TEST_HOST = "$(BUILT_PRODUCTS_DIR)/WishboardV2.app/$(BUNDLE_EXECUTABLE_FOLDER_PATH)/WishboardV2";
			};
			name = Debug;
		};
		23CBF4C52C5514530061D22F /* Release */ = {
			isa = XCBuildConfiguration;
			buildSettings = {
				ALWAYS_EMBED_SWIFT_STANDARD_LIBRARIES = YES;
				BUNDLE_LOADER = "$(TEST_HOST)";
				CODE_SIGN_STYLE = Automatic;
				CURRENT_PROJECT_VERSION = 1;
				DEVELOPMENT_TEAM = B974XY47GZ;
				GENERATE_INFOPLIST_FILE = YES;
				IPHONEOS_DEPLOYMENT_TARGET = 17.2;
				MARKETING_VERSION = 1.0;
				PRODUCT_BUNDLE_IDENTIFIER = gomin.WishboardV2Tests;
				PRODUCT_NAME = "$(TARGET_NAME)";
				SWIFT_EMIT_LOC_STRINGS = NO;
				SWIFT_VERSION = 5.0;
				TARGETED_DEVICE_FAMILY = "1,2";
				TEST_HOST = "$(BUILT_PRODUCTS_DIR)/WishboardV2.app/$(BUNDLE_EXECUTABLE_FOLDER_PATH)/WishboardV2";
			};
			name = Release;
		};
		23CBF4C72C5514530061D22F /* Debug */ = {
			isa = XCBuildConfiguration;
			buildSettings = {
				ALWAYS_EMBED_SWIFT_STANDARD_LIBRARIES = YES;
				CODE_SIGN_STYLE = Automatic;
				CURRENT_PROJECT_VERSION = 1;
				DEVELOPMENT_TEAM = B974XY47GZ;
				GENERATE_INFOPLIST_FILE = YES;
				MARKETING_VERSION = 1.0;
				PRODUCT_BUNDLE_IDENTIFIER = gomin.WishboardV2UITests;
				PRODUCT_NAME = "$(TARGET_NAME)";
				SWIFT_EMIT_LOC_STRINGS = NO;
				SWIFT_VERSION = 5.0;
				TARGETED_DEVICE_FAMILY = "1,2";
				TEST_TARGET_NAME = WishboardV2;
			};
			name = Debug;
		};
		23CBF4C82C5514530061D22F /* Release */ = {
			isa = XCBuildConfiguration;
			buildSettings = {
				ALWAYS_EMBED_SWIFT_STANDARD_LIBRARIES = YES;
				CODE_SIGN_STYLE = Automatic;
				CURRENT_PROJECT_VERSION = 1;
				DEVELOPMENT_TEAM = B974XY47GZ;
				GENERATE_INFOPLIST_FILE = YES;
				MARKETING_VERSION = 1.0;
				PRODUCT_BUNDLE_IDENTIFIER = gomin.WishboardV2UITests;
				PRODUCT_NAME = "$(TARGET_NAME)";
				SWIFT_EMIT_LOC_STRINGS = NO;
				SWIFT_VERSION = 5.0;
				TARGETED_DEVICE_FAMILY = "1,2";
				TEST_TARGET_NAME = WishboardV2;
			};
			name = Release;
		};
/* End XCBuildConfiguration section */

/* Begin XCConfigurationList section */
		23C4D2222C7A4D6D00BB0B08 /* Build configuration list for PBXNativeTarget "Share Extension" */ = {
			isa = XCConfigurationList;
			buildConfigurations = (
				23C4D2232C7A4D6D00BB0B08 /* Debug */,
				23C4D2242C7A4D6D00BB0B08 /* Release */,
			);
			defaultConfigurationIsVisible = 0;
			defaultConfigurationName = Release;
		};
		23CBF4912C5514510061D22F /* Build configuration list for PBXProject "WishboardV2" */ = {
			isa = XCConfigurationList;
			buildConfigurations = (
				23CBF4BE2C5514530061D22F /* Debug */,
				23CBF4BF2C5514530061D22F /* Release */,
			);
			defaultConfigurationIsVisible = 0;
			defaultConfigurationName = Release;
		};
		23CBF4C02C5514530061D22F /* Build configuration list for PBXNativeTarget "WishboardV2" */ = {
			isa = XCConfigurationList;
			buildConfigurations = (
				23CBF4C12C5514530061D22F /* Debug */,
				23CBF4C22C5514530061D22F /* Release */,
			);
			defaultConfigurationIsVisible = 0;
			defaultConfigurationName = Release;
		};
		23CBF4C32C5514530061D22F /* Build configuration list for PBXNativeTarget "WishboardV2Tests" */ = {
			isa = XCConfigurationList;
			buildConfigurations = (
				23CBF4C42C5514530061D22F /* Debug */,
				23CBF4C52C5514530061D22F /* Release */,
			);
			defaultConfigurationIsVisible = 0;
			defaultConfigurationName = Release;
		};
		23CBF4C62C5514530061D22F /* Build configuration list for PBXNativeTarget "WishboardV2UITests" */ = {
			isa = XCConfigurationList;
			buildConfigurations = (
				23CBF4C72C5514530061D22F /* Debug */,
				23CBF4C82C5514530061D22F /* Release */,
			);
			defaultConfigurationIsVisible = 0;
			defaultConfigurationName = Release;
		};
/* End XCConfigurationList section */

/* Begin XCSwiftPackageProductDependency section */
		23C4D2262C7A4E0B00BB0B08 /* ApplicationLibrary */ = {
			isa = XCSwiftPackageProductDependency;
			productName = ApplicationLibrary;
		};
		23CBF4DC2C551B5B0061D22F /* ApplicationLibrary */ = {
			isa = XCSwiftPackageProductDependency;
			productName = ApplicationLibrary;
		};
/* End XCSwiftPackageProductDependency section */
	};
	rootObject = 23CBF48E2C5514510061D22F /* Project object */;
}
